// !$*UTF8*$!
{
	archiveVersion = 1;
	classes = {
	};
	objectVersion = 47;
	objects = {

/* Begin PBXBuildFile section */
		834999AD1C955E21002086C2 /* EJQueryAPIManager.m in Sources */ = {isa = PBXBuildFile; fileRef = 834999AC1C955E21002086C2 /* EJQueryAPIManager.m */; };
		83E782EA1C95D91300A7AA1E /* Suggestion.storyboard in Resources */ = {isa = PBXBuildFile; fileRef = 83E782E91C95D91300A7AA1E /* Suggestion.storyboard */; };
		83E782ED1C95DF8200A7AA1E /* EJSuggestionViewController.m in Sources */ = {isa = PBXBuildFile; fileRef = 83E782EC1C95DF8200A7AA1E /* EJSuggestionViewController.m */; };
		83E782F01C95DFAA00A7AA1E /* EJSuggestionViewModel.m in Sources */ = {isa = PBXBuildFile; fileRef = 83E782EF1C95DFAA00A7AA1E /* EJSuggestionViewModel.m */; };
		83E782F31C95DFD700A7AA1E /* EJSuggestionAPIManager.m in Sources */ = {isa = PBXBuildFile; fileRef = 83E782F21C95DFD700A7AA1E /* EJSuggestionAPIManager.m */; };
		EE011AD9E0A2AFE8718DB733 /* libPods.a in Frameworks */ = {isa = PBXBuildFile; fileRef = 210317032B9168BA09858C87 /* libPods.a */; };
		F716BC651C86872500516DF4 /* EJIndexViewModel.m in Sources */ = {isa = PBXBuildFile; fileRef = F716BC641C86872500516DF4 /* EJIndexViewModel.m */; };
		F731A4DC1CA0DB9100A0A2A5 /* Guild.storyboard in Resources */ = {isa = PBXBuildFile; fileRef = F731A4DB1CA0DB9100A0A2A5 /* Guild.storyboard */; };
		F731A4E01CA0DBFF00A0A2A5 /* EJGuildViewController.m in Sources */ = {isa = PBXBuildFile; fileRef = F731A4DF1CA0DBFF00A0A2A5 /* EJGuildViewController.m */; };
		F731A4E61CA0DCFD00A0A2A5 /* EJGuildViewModel.m in Sources */ = {isa = PBXBuildFile; fileRef = F731A4E51CA0DCFD00A0A2A5 /* EJGuildViewModel.m */; };
		F731A4E91CA0E02B00A0A2A5 /* EJAreaListAPIManager.m in Sources */ = {isa = PBXBuildFile; fileRef = F731A4E81CA0E02B00A0A2A5 /* EJAreaListAPIManager.m */; };
		F734D27B1C8D522B00A062F9 /* FTKeyboardTapGestureRecognizer.m in Sources */ = {isa = PBXBuildFile; fileRef = F734D27A1C8D522B00A062F9 /* FTKeyboardTapGestureRecognizer.m */; };
		F73ED97E1C979E74006AF2A0 /* FTViewModel+EJSAPIManager.m in Sources */ = {isa = PBXBuildFile; fileRef = F73ED97D1C979E74006AF2A0 /* FTViewModel+EJSAPIManager.m */; };
		F73ED98B1C97B813006AF2A0 /* EJNewsPictureTableViewCell.m in Sources */ = {isa = PBXBuildFile; fileRef = F73ED98A1C97B813006AF2A0 /* EJNewsPictureTableViewCell.m */; };
		F73ED98E1C97B82F006AF2A0 /* EJNewsTableViewCell.m in Sources */ = {isa = PBXBuildFile; fileRef = F73ED98D1C97B82F006AF2A0 /* EJNewsTableViewCell.m */; };
		F73ED9901C97F7CC006AF2A0 /* News.storyboard in Resources */ = {isa = PBXBuildFile; fileRef = F73ED98F1C97F7CC006AF2A0 /* News.storyboard */; };
		F746B9081C8EB7CF00DBF40E /* EJSResponseAnalyzer.m in Sources */ = {isa = PBXBuildFile; fileRef = F746B9071C8EB7CF00DBF40E /* EJSResponseAnalyzer.m */; };
		F746B90C1C8EDDBB00DBF40E /* FTDataAnalyzer.m in Sources */ = {isa = PBXBuildFile; fileRef = F746B90B1C8EDDBB00DBF40E /* FTDataAnalyzer.m */; };
		F746EE9C1CCE1C29008172FA /* FFProgressDetailVC.m in Sources */ = {isa = PBXBuildFile; fileRef = F746EE961CCE1C29008172FA /* FFProgressDetailVC.m */; };
		F746EE9D1CCE1C29008172FA /* FFDoSomethingGuildVC.m in Sources */ = {isa = PBXBuildFile; fileRef = F746EE971CCE1C29008172FA /* FFDoSomethingGuildVC.m */; };
		F746EE9E1CCE1C29008172FA /* FFGuildCell.m in Sources */ = {isa = PBXBuildFile; fileRef = F746EE981CCE1C29008172FA /* FFGuildCell.m */; };
		F75EA0341C86E11000878EF5 /* EJSAPIManager.m in Sources */ = {isa = PBXBuildFile; fileRef = F75EA0331C86E11000878EF5 /* EJSAPIManager.m */; };
		F77333AD1C7D974E00E2FD20 /* FTIntercepter.m in Sources */ = {isa = PBXBuildFile; fileRef = F77333A91C7D974E00E2FD20 /* FTIntercepter.m */; };
		F77333AE1C7D974E00E2FD20 /* FTLog.m in Sources */ = {isa = PBXBuildFile; fileRef = F77333AB1C7D974E00E2FD20 /* FTLog.m */; };
		F79084E01CA50DF600E48E2C /* EJGuildPrimaryItemTableViewController.m in Sources */ = {isa = PBXBuildFile; fileRef = F79084DF1CA50DF600E48E2C /* EJGuildPrimaryItemTableViewController.m */; };
		F79084E31CA50ECC00E48E2C /* EJGuildPrimaryItemViewModel.m in Sources */ = {isa = PBXBuildFile; fileRef = F79084E21CA50ECC00E48E2C /* EJGuildPrimaryItemViewModel.m */; };
		F79084E61CA5257000E48E2C /* EJGuildItemTableViewCell.m in Sources */ = {isa = PBXBuildFile; fileRef = F79084E51CA5257000E48E2C /* EJGuildItemTableViewCell.m */; };
		F79084E91CA534F500E48E2C /* EJGuildItemTableViewController.m in Sources */ = {isa = PBXBuildFile; fileRef = F79084E81CA534F500E48E2C /* EJGuildItemTableViewController.m */; };
		F79084EC1CA5382900E48E2C /* EJGuildItemViewModel.m in Sources */ = {isa = PBXBuildFile; fileRef = F79084EB1CA5382900E48E2C /* EJGuildItemViewModel.m */; };
		F79661FF1CAA1B8F00C92174 /* EJPasswordRetrieveViewController.m in Sources */ = {isa = PBXBuildFile; fileRef = F79661FE1CAA1B8F00C92174 /* EJPasswordRetrieveViewController.m */; };
		F79662021CAA1BBF00C92174 /* EJPasswordRetrieveViewModel.m in Sources */ = {isa = PBXBuildFile; fileRef = F79662011CAA1BBF00C92174 /* EJPasswordRetrieveViewModel.m */; };
		F79662051CAA29CA00C92174 /* EJResultsListAPIManager.m in Sources */ = {isa = PBXBuildFile; fileRef = F79662041CAA29CA00C92174 /* EJResultsListAPIManager.m */; };
		F796620B1CAA2B8C00C92174 /* EJProgressListAPIManger.m in Sources */ = {isa = PBXBuildFile; fileRef = F796620A1CAA2B8C00C92174 /* EJProgressListAPIManger.m */; };
		F7A2BBFF1CBB820A00235F1A /* ParentViewController.m in Sources */ = {isa = PBXBuildFile; fileRef = F7A2BBFD1CBB820A00235F1A /* ParentViewController.m */; };
		F7A5B8E61C895CBC00672967 /* EJRegisterAPIManager.m in Sources */ = {isa = PBXBuildFile; fileRef = F7A5B8E51C895CBC00672967 /* EJRegisterAPIManager.m */; };
		F7A5B8E91C8969F600672967 /* EJRegisterViewController.m in Sources */ = {isa = PBXBuildFile; fileRef = F7A5B8E81C8969F600672967 /* EJRegisterViewController.m */; };
		F7A67E671CA3DE5D00A64DE1 /* GuildDistrictButton.xib in Resources */ = {isa = PBXBuildFile; fileRef = F7A67E661CA3DE5D00A64DE1 /* GuildDistrictButton.xib */; };
		F7A67E691CA4051C00A64DE1 /* GuildSectionButton.xib in Resources */ = {isa = PBXBuildFile; fileRef = F7A67E681CA4051C00A64DE1 /* GuildSectionButton.xib */; };
		F7A67E6C1CA40B6C00A64DE1 /* EJSectionListAPIManager.m in Sources */ = {isa = PBXBuildFile; fileRef = F7A67E6B1CA40B6C00A64DE1 /* EJSectionListAPIManager.m */; };
		F7A67E6F1CA40CD800A64DE1 /* EJPrimaryItemAPIManger.m in Sources */ = {isa = PBXBuildFile; fileRef = F7A67E6E1CA40CD800A64DE1 /* EJPrimaryItemAPIManger.m */; };
		F7A67E721CA40CFE00A64DE1 /* EJItemAPIManager.m in Sources */ = {isa = PBXBuildFile; fileRef = F7A67E711CA40CFE00A64DE1 /* EJItemAPIManager.m */; };
		F7A67E751CA40D2B00A64DE1 /* EJItemInfoAPIManager.m in Sources */ = {isa = PBXBuildFile; fileRef = F7A67E741CA40D2B00A64DE1 /* EJItemInfoAPIManager.m */; };
		F7A86D281C891731006D5F18 /* Logger.storyboard in Resources */ = {isa = PBXBuildFile; fileRef = F7A86D271C891731006D5F18 /* Logger.storyboard */; };
		F7A86D2E1C891997006D5F18 /* EJLoginTableViewController.m in Sources */ = {isa = PBXBuildFile; fileRef = F7A86D2B1C891997006D5F18 /* EJLoginTableViewController.m */; };
		F7A86D2F1C891997006D5F18 /* EJLoginViewModel.m in Sources */ = {isa = PBXBuildFile; fileRef = F7A86D2D1C891997006D5F18 /* EJLoginViewModel.m */; };
		F7A86D321C891A79006D5F18 /* FTVerifier.m in Sources */ = {isa = PBXBuildFile; fileRef = F7A86D311C891A79006D5F18 /* FTVerifier.m */; };
		F7A86D351C891B2E006D5F18 /* EJLoginAPIManager.m in Sources */ = {isa = PBXBuildFile; fileRef = F7A86D341C891B2E006D5F18 /* EJLoginAPIManager.m */; };
		F7A86D381C891C1F006D5F18 /* EJValidateUsernameAPIManager.m in Sources */ = {isa = PBXBuildFile; fileRef = F7A86D371C891C1F006D5F18 /* EJValidateUsernameAPIManager.m */; };
		F7A86D3B1C8941B2006D5F18 /* EJRegisterViewModel.m in Sources */ = {isa = PBXBuildFile; fileRef = F7A86D3A1C8941B2006D5F18 /* EJRegisterViewModel.m */; };
		F7A86D441C89427B006D5F18 /* EJChangePasswordViewModel.m in Sources */ = {isa = PBXBuildFile; fileRef = F7A86D431C89427B006D5F18 /* EJChangePasswordViewModel.m */; };
		F7A86D471C8942B4006D5F18 /* EJModifyUserinfoViewModel.m in Sources */ = {isa = PBXBuildFile; fileRef = F7A86D461C8942B4006D5F18 /* EJModifyUserinfoViewModel.m */; };
		F7AB19001C8698F100723EC2 /* EJNewsViewController.m in Sources */ = {isa = PBXBuildFile; fileRef = F7AB18FF1C8698F100723EC2 /* EJNewsViewController.m */; };
		F7AB19081C86CC2A00723EC2 /* UIViewController+FTBinding.m in Sources */ = {isa = PBXBuildFile; fileRef = F7AB19071C86CC2A00723EC2 /* UIViewController+FTBinding.m */; };
		F7AB54831CAD04A700114DD1 /* EJWebViewController.m in Sources */ = {isa = PBXBuildFile; fileRef = F7AB54821CAD04A700114DD1 /* EJWebViewController.m */; };
		F7AC66BD1C8FB75E00BC8456 /* EJMenuViewModel.m in Sources */ = {isa = PBXBuildFile; fileRef = F7AC66BC1C8FB75E00BC8456 /* EJMenuViewModel.m */; };
		F7AC66C01C8FFDA200BC8456 /* EJUserAgreementViewController.m in Sources */ = {isa = PBXBuildFile; fileRef = F7AC66BF1C8FFDA200BC8456 /* EJUserAgreementViewController.m */; };
		F7AEC05E1C926CF6003DD341 /* EJMatterIndexTableViewController.m in Sources */ = {isa = PBXBuildFile; fileRef = F7AEC05D1C926CF6003DD341 /* EJMatterIndexTableViewController.m */; };
		F7AF7BBA1CA8C68D001814E5 /* EJNewsDetailViewController.m in Sources */ = {isa = PBXBuildFile; fileRef = F7AF7BB91CA8C68D001814E5 /* EJNewsDetailViewController.m */; };
		F7AF7BC31CA8DA53001814E5 /* EJGuildItemDetailViewModel.m in Sources */ = {isa = PBXBuildFile; fileRef = F7AF7BC21CA8DA53001814E5 /* EJGuildItemDetailViewModel.m */; };
		F7AF7BC61CA9040D001814E5 /* EJNewsDetailViewModel.m in Sources */ = {isa = PBXBuildFile; fileRef = F7AF7BC51CA9040D001814E5 /* EJNewsDetailViewModel.m */; };
		F7AF7BC91CA90535001814E5 /* EJWebsiteArticleDetailAPIManager.m in Sources */ = {isa = PBXBuildFile; fileRef = F7AF7BC81CA90535001814E5 /* EJWebsiteArticleDetailAPIManager.m */; };
		F7AF7BCC1CA90558001814E5 /* EJWebsiteArticleLaudAPIManager.m in Sources */ = {isa = PBXBuildFile; fileRef = F7AF7BCB1CA90558001814E5 /* EJWebsiteArticleLaudAPIManager.m */; };
		F7B306A81CBDED8F00EFB0F5 /* EJFollowViewController.m in Sources */ = {isa = PBXBuildFile; fileRef = F7B306A71CBDED8F00EFB0F5 /* EJFollowViewController.m */; };
		F7B306AC1CBDEDFF00EFB0F5 /* EJFollowViewModel.m in Sources */ = {isa = PBXBuildFile; fileRef = F7B306AB1CBDEDFF00EFB0F5 /* EJFollowViewModel.m */; };
		F7B306AF1CBDEE1800EFB0F5 /* EJFollowListAPIManager.m in Sources */ = {isa = PBXBuildFile; fileRef = F7B306AE1CBDEE1800EFB0F5 /* EJFollowListAPIManager.m */; };
		F7B36BDD1CD0B97B00640934 /* VerifyTool.m in Sources */ = {isa = PBXBuildFile; fileRef = F7B36BDB1CD0B97B00640934 /* VerifyTool.m */; };
		F7B6155D1CCA14280009637F /* EJFollowAPIManager.m in Sources */ = {isa = PBXBuildFile; fileRef = F7B6155C1CCA14280009637F /* EJFollowAPIManager.m */; };
		F7B615601CCA319E0009637F /* UIViewController+BarItem.m in Sources */ = {isa = PBXBuildFile; fileRef = F7B6155F1CCA319E0009637F /* UIViewController+BarItem.m */; };
		F7B615631CCA32170009637F /* CommonTool.m in Sources */ = {isa = PBXBuildFile; fileRef = F7B615621CCA32170009637F /* CommonTool.m */; };
		F7B964271CC47F1900BE4C1E /* RootNavgationController.m in Sources */ = {isa = PBXBuildFile; fileRef = F7B964261CC47F1900BE4C1E /* RootNavgationController.m */; };
		F7B9F7571CAE149A00A48158 /* EJResultDetailAPIManager.m in Sources */ = {isa = PBXBuildFile; fileRef = F7B9F7561CAE149A00A48158 /* EJResultDetailAPIManager.m */; };
		F7B9F75A1CAE14B700A48158 /* EJProgressDetailAPIManager.m in Sources */ = {isa = PBXBuildFile; fileRef = F7B9F7591CAE14B700A48158 /* EJProgressDetailAPIManager.m */; };
		F7B9F7601CAE1A4E00A48158 /* EJResultDetailViewModel.m in Sources */ = {isa = PBXBuildFile; fileRef = F7B9F75F1CAE1A4E00A48158 /* EJResultDetailViewModel.m */; };
		F7B9F7631CAE515900A48158 /* EJVeriftyPhoneNumberAPIManager.m in Sources */ = {isa = PBXBuildFile; fileRef = F7B9F7621CAE515900A48158 /* EJVeriftyPhoneNumberAPIManager.m */; };
		F7B9F7661CAE518E00A48158 /* EJPasswordRetrieveAPIManager.m in Sources */ = {isa = PBXBuildFile; fileRef = F7B9F7651CAE518E00A48158 /* EJPasswordRetrieveAPIManager.m */; };
		F7C14FCA1C8434E200779833 /* Index.storyboard in Resources */ = {isa = PBXBuildFile; fileRef = F7C14FC81C8434E200779833 /* Index.storyboard */; };
		F7C14FCB1C8434E200779833 /* Menu.storyboard in Resources */ = {isa = PBXBuildFile; fileRef = F7C14FC91C8434E200779833 /* Menu.storyboard */; };
		F7C14FDC1C853A9B00779833 /* FTAPIManager.m in Sources */ = {isa = PBXBuildFile; fileRef = F7C14FD01C853A9B00779833 /* FTAPIManager.m */; };
		F7C14FE21C853A9B00779833 /* FTViewModel.m in Sources */ = {isa = PBXBuildFile; fileRef = F7C14FDB1C853A9B00779833 /* FTViewModel.m */; };
		F7C14FE91C85404A00779833 /* EJSNetwork.m in Sources */ = {isa = PBXBuildFile; fileRef = F7C14FE81C85404A00779833 /* EJSNetwork.m */; };
		F7C1596F1C8589F000779833 /* EJMenuTableViewController.m in Sources */ = {isa = PBXBuildFile; fileRef = F7C1596E1C8589F000779833 /* EJMenuTableViewController.m */; };
		F7C159721C858B4200779833 /* EJIndexViewController.m in Sources */ = {isa = PBXBuildFile; fileRef = F7C159711C858B4200779833 /* EJIndexViewController.m */; };
		F7C4C9771C9647F200C36129 /* EJNewsViewModel.m in Sources */ = {isa = PBXBuildFile; fileRef = F7C4C9761C9647F200C36129 /* EJNewsViewModel.m */; };
		F7C4C97D1C964F0700C36129 /* EJWebsiteArticleListAPIManager.m in Sources */ = {isa = PBXBuildFile; fileRef = F7C4C97C1C964F0700C36129 /* EJWebsiteArticleListAPIManager.m */; };
		F7C4C9801C964F3B00C36129 /* EJWebsiteLaudNumberAPIManager.m in Sources */ = {isa = PBXBuildFile; fileRef = F7C4C97F1C964F3B00C36129 /* EJWebsiteLaudNumberAPIManager.m */; };
		F7C7A8351CC9C57F006CA633 /* Follow.storyboard in Resources */ = {isa = PBXBuildFile; fileRef = F7C7A8341CC9C57F006CA633 /* Follow.storyboard */; };
		F7DFF92A1C7D64A900A24DB5 /* MapKit.framework in Frameworks */ = {isa = PBXBuildFile; fileRef = F7DFF9291C7D64A900A24DB5 /* MapKit.framework */; };
		F7DFF93D1C7D74EF00A24DB5 /* AppDelegate.m in Sources */ = {isa = PBXBuildFile; fileRef = F7DFF92F1C7D74EF00A24DB5 /* AppDelegate.m */; };
		F7DFF93E1C7D74EF00A24DB5 /* Assets.xcassets in Resources */ = {isa = PBXBuildFile; fileRef = F7DFF9301C7D74EF00A24DB5 /* Assets.xcassets */; };
		F7DFF93F1C7D74EF00A24DB5 /* LaunchScreen.storyboard in Resources */ = {isa = PBXBuildFile; fileRef = F7DFF9311C7D74EF00A24DB5 /* LaunchScreen.storyboard */; };
		F7DFF9401C7D74EF00A24DB5 /* Main.storyboard in Resources */ = {isa = PBXBuildFile; fileRef = F7DFF9331C7D74EF00A24DB5 /* Main.storyboard */; };
		F7DFF9421C7D74EF00A24DB5 /* main.m in Sources */ = {isa = PBXBuildFile; fileRef = F7DFF9361C7D74EF00A24DB5 /* main.m */; };
		F7E1B40C1C99460700536C6C /* UIScrollView+HATFCarousel.m in Sources */ = {isa = PBXBuildFile; fileRef = F7E1B40B1C99460700536C6C /* UIScrollView+HATFCarousel.m */; };
		F7EA97661CC8B54D00A2E77E /* EJGuildResultTableViewCell.m in Sources */ = {isa = PBXBuildFile; fileRef = F7EA97651CC8B54D00A2E77E /* EJGuildResultTableViewCell.m */; };
		F7F8F9FC1C881A54008758BF /* EJSSet.m in Sources */ = {isa = PBXBuildFile; fileRef = F7F8F9FB1C881A54008758BF /* EJSSet.m */; };
		F7FE551A1C91544C001C1F6B /* Userinfo.storyboard in Resources */ = {isa = PBXBuildFile; fileRef = F7FE55191C91544C001C1F6B /* Userinfo.storyboard */; };
		F7FE551D1C9154E5001C1F6B /* EJModifyUserinfoViewController.m in Sources */ = {isa = PBXBuildFile; fileRef = F7FE551C1C9154E5001C1F6B /* EJModifyUserinfoViewController.m */; };
		F7FE55201C915E1C001C1F6B /* EJModifyUserinfoAPIManager.m in Sources */ = {isa = PBXBuildFile; fileRef = F7FE551F1C915E1C001C1F6B /* EJModifyUserinfoAPIManager.m */; };
		F7FE55231C9181FA001C1F6B /* EJChangePasswordAPIManager.m in Sources */ = {isa = PBXBuildFile; fileRef = F7FE55221C9181FA001C1F6B /* EJChangePasswordAPIManager.m */; };
		F7FE55261C918363001C1F6B /* EJVerityPasswordAPIManager.m in Sources */ = {isa = PBXBuildFile; fileRef = F7FE55251C918363001C1F6B /* EJVerityPasswordAPIManager.m */; };
		F7FE55291C919B24001C1F6B /* EJMatterViewController.m in Sources */ = {isa = PBXBuildFile; fileRef = F7FE55281C919B24001C1F6B /* EJMatterViewController.m */; };
		F7FE552C1C919B57001C1F6B /* EJMatterViewModel.m in Sources */ = {isa = PBXBuildFile; fileRef = F7FE552B1C919B57001C1F6B /* EJMatterViewModel.m */; };
		F7FE55431C919FA7001C1F6B /* EJChangePasswordViewController.m in Sources */ = {isa = PBXBuildFile; fileRef = F7FE55421C919FA7001C1F6B /* EJChangePasswordViewController.m */; };
		F7FE55451C91A480001C1F6B /* Matter.storyboard in Resources */ = {isa = PBXBuildFile; fileRef = F7FE55441C91A480001C1F6B /* Matter.storyboard */; };
/* End PBXBuildFile section */

/* Begin PBXFileReference section */
		210317032B9168BA09858C87 /* libPods.a */ = {isa = PBXFileReference; explicitFileType = archive.ar; includeInIndex = 0; path = libPods.a; sourceTree = BUILT_PRODUCTS_DIR; };
		5E077DB84359F2F7E567C7E7 /* Pods.release.xcconfig */ = {isa = PBXFileReference; includeInIndex = 1; lastKnownFileType = text.xcconfig; name = Pods.release.xcconfig; path = "Pods/Target Support Files/Pods/Pods.release.xcconfig"; sourceTree = "<group>"; };
		834999AC1C955E21002086C2 /* EJQueryAPIManager.m */ = {isa = PBXFileReference; fileEncoding = 4; lastKnownFileType = sourcecode.c.objc; path = EJQueryAPIManager.m; sourceTree = "<group>"; };
		834999AE1C95639F002086C2 /* EJQueryAPIManager.h */ = {isa = PBXFileReference; fileEncoding = 4; lastKnownFileType = sourcecode.c.h; path = EJQueryAPIManager.h; sourceTree = "<group>"; };
		83E782E91C95D91300A7AA1E /* Suggestion.storyboard */ = {isa = PBXFileReference; fileEncoding = 4; lastKnownFileType = file.storyboard; path = Suggestion.storyboard; sourceTree = "<group>"; };
		83E782EB1C95DF8200A7AA1E /* EJSuggestionViewController.h */ = {isa = PBXFileReference; fileEncoding = 4; lastKnownFileType = sourcecode.c.h; path = EJSuggestionViewController.h; sourceTree = "<group>"; };
		83E782EC1C95DF8200A7AA1E /* EJSuggestionViewController.m */ = {isa = PBXFileReference; fileEncoding = 4; lastKnownFileType = sourcecode.c.objc; path = EJSuggestionViewController.m; sourceTree = "<group>"; };
		83E782EE1C95DFAA00A7AA1E /* EJSuggestionViewModel.h */ = {isa = PBXFileReference; fileEncoding = 4; lastKnownFileType = sourcecode.c.h; path = EJSuggestionViewModel.h; sourceTree = "<group>"; };
		83E782EF1C95DFAA00A7AA1E /* EJSuggestionViewModel.m */ = {isa = PBXFileReference; fileEncoding = 4; lastKnownFileType = sourcecode.c.objc; path = EJSuggestionViewModel.m; sourceTree = "<group>"; };
		83E782F11C95DFD700A7AA1E /* EJSuggestionAPIManager.h */ = {isa = PBXFileReference; fileEncoding = 4; lastKnownFileType = sourcecode.c.h; path = EJSuggestionAPIManager.h; sourceTree = "<group>"; };
		83E782F21C95DFD700A7AA1E /* EJSuggestionAPIManager.m */ = {isa = PBXFileReference; fileEncoding = 4; lastKnownFileType = sourcecode.c.objc; path = EJSuggestionAPIManager.m; sourceTree = "<group>"; };
		B4E1DC973ECEE0364534613E /* Pods.debug.xcconfig */ = {isa = PBXFileReference; includeInIndex = 1; lastKnownFileType = text.xcconfig; name = Pods.debug.xcconfig; path = "Pods/Target Support Files/Pods/Pods.debug.xcconfig"; sourceTree = "<group>"; };
		F716BC631C86872500516DF4 /* EJIndexViewModel.h */ = {isa = PBXFileReference; fileEncoding = 4; lastKnownFileType = sourcecode.c.h; path = EJIndexViewModel.h; sourceTree = "<group>"; };
		F716BC641C86872500516DF4 /* EJIndexViewModel.m */ = {isa = PBXFileReference; fileEncoding = 4; lastKnownFileType = sourcecode.c.objc; path = EJIndexViewModel.m; sourceTree = "<group>"; };
		F731A4DB1CA0DB9100A0A2A5 /* Guild.storyboard */ = {isa = PBXFileReference; fileEncoding = 4; lastKnownFileType = file.storyboard; path = Guild.storyboard; sourceTree = "<group>"; };
		F731A4DE1CA0DBFF00A0A2A5 /* EJGuildViewController.h */ = {isa = PBXFileReference; fileEncoding = 4; lastKnownFileType = sourcecode.c.h; path = EJGuildViewController.h; sourceTree = "<group>"; };
		F731A4DF1CA0DBFF00A0A2A5 /* EJGuildViewController.m */ = {isa = PBXFileReference; fileEncoding = 4; lastKnownFileType = sourcecode.c.objc; path = EJGuildViewController.m; sourceTree = "<group>"; };
		F731A4E41CA0DCFD00A0A2A5 /* EJGuildViewModel.h */ = {isa = PBXFileReference; fileEncoding = 4; lastKnownFileType = sourcecode.c.h; path = EJGuildViewModel.h; sourceTree = "<group>"; };
		F731A4E51CA0DCFD00A0A2A5 /* EJGuildViewModel.m */ = {isa = PBXFileReference; fileEncoding = 4; lastKnownFileType = sourcecode.c.objc; path = EJGuildViewModel.m; sourceTree = "<group>"; };
		F731A4E71CA0E02B00A0A2A5 /* EJAreaListAPIManager.h */ = {isa = PBXFileReference; fileEncoding = 4; lastKnownFileType = sourcecode.c.h; path = EJAreaListAPIManager.h; sourceTree = "<group>"; };
		F731A4E81CA0E02B00A0A2A5 /* EJAreaListAPIManager.m */ = {isa = PBXFileReference; fileEncoding = 4; lastKnownFileType = sourcecode.c.objc; path = EJAreaListAPIManager.m; sourceTree = "<group>"; };
		F734D2791C8D522B00A062F9 /* FTKeyboardTapGestureRecognizer.h */ = {isa = PBXFileReference; fileEncoding = 4; lastKnownFileType = sourcecode.c.h; path = FTKeyboardTapGestureRecognizer.h; sourceTree = "<group>"; };
		F734D27A1C8D522B00A062F9 /* FTKeyboardTapGestureRecognizer.m */ = {isa = PBXFileReference; fileEncoding = 4; lastKnownFileType = sourcecode.c.objc; path = FTKeyboardTapGestureRecognizer.m; sourceTree = "<group>"; };
		F73ED97C1C979E74006AF2A0 /* FTViewModel+EJSAPIManager.h */ = {isa = PBXFileReference; fileEncoding = 4; lastKnownFileType = sourcecode.c.h; name = "FTViewModel+EJSAPIManager.h"; path = "HBJT/FTViewModel+EJSAPIManager.h"; sourceTree = SOURCE_ROOT; };
		F73ED97D1C979E74006AF2A0 /* FTViewModel+EJSAPIManager.m */ = {isa = PBXFileReference; fileEncoding = 4; lastKnownFileType = sourcecode.c.objc; name = "FTViewModel+EJSAPIManager.m"; path = "HBJT/FTViewModel+EJSAPIManager.m"; sourceTree = SOURCE_ROOT; };
		F73ED9891C97B813006AF2A0 /* EJNewsPictureTableViewCell.h */ = {isa = PBXFileReference; fileEncoding = 4; lastKnownFileType = sourcecode.c.h; path = EJNewsPictureTableViewCell.h; sourceTree = "<group>"; };
		F73ED98A1C97B813006AF2A0 /* EJNewsPictureTableViewCell.m */ = {isa = PBXFileReference; fileEncoding = 4; lastKnownFileType = sourcecode.c.objc; path = EJNewsPictureTableViewCell.m; sourceTree = "<group>"; };
		F73ED98C1C97B82F006AF2A0 /* EJNewsTableViewCell.h */ = {isa = PBXFileReference; fileEncoding = 4; lastKnownFileType = sourcecode.c.h; path = EJNewsTableViewCell.h; sourceTree = "<group>"; };
		F73ED98D1C97B82F006AF2A0 /* EJNewsTableViewCell.m */ = {isa = PBXFileReference; fileEncoding = 4; lastKnownFileType = sourcecode.c.objc; path = EJNewsTableViewCell.m; sourceTree = "<group>"; };
		F73ED98F1C97F7CC006AF2A0 /* News.storyboard */ = {isa = PBXFileReference; fileEncoding = 4; lastKnownFileType = file.storyboard; path = News.storyboard; sourceTree = "<group>"; };
		F746B9061C8EB7CF00DBF40E /* EJSResponseAnalyzer.h */ = {isa = PBXFileReference; fileEncoding = 4; lastKnownFileType = sourcecode.c.h; path = EJSResponseAnalyzer.h; sourceTree = "<group>"; };
		F746B9071C8EB7CF00DBF40E /* EJSResponseAnalyzer.m */ = {isa = PBXFileReference; fileEncoding = 4; lastKnownFileType = sourcecode.c.objc; path = EJSResponseAnalyzer.m; sourceTree = "<group>"; };
		F746B90A1C8EDDBB00DBF40E /* FTDataAnalyzer.h */ = {isa = PBXFileReference; fileEncoding = 4; lastKnownFileType = sourcecode.c.h; path = FTDataAnalyzer.h; sourceTree = "<group>"; };
		F746B90B1C8EDDBB00DBF40E /* FTDataAnalyzer.m */ = {isa = PBXFileReference; fileEncoding = 4; lastKnownFileType = sourcecode.c.objc; path = FTDataAnalyzer.m; sourceTree = "<group>"; };
		F746EE951CCE1C29008172FA /* FFProgressDetailVC.h */ = {isa = PBXFileReference; fileEncoding = 4; lastKnownFileType = sourcecode.c.h; path = FFProgressDetailVC.h; sourceTree = "<group>"; };
		F746EE961CCE1C29008172FA /* FFProgressDetailVC.m */ = {isa = PBXFileReference; fileEncoding = 4; lastKnownFileType = sourcecode.c.objc; path = FFProgressDetailVC.m; sourceTree = "<group>"; };
		F746EE971CCE1C29008172FA /* FFDoSomethingGuildVC.m */ = {isa = PBXFileReference; fileEncoding = 4; lastKnownFileType = sourcecode.c.objc; path = FFDoSomethingGuildVC.m; sourceTree = "<group>"; };
		F746EE981CCE1C29008172FA /* FFGuildCell.m */ = {isa = PBXFileReference; fileEncoding = 4; lastKnownFileType = sourcecode.c.objc; path = FFGuildCell.m; sourceTree = "<group>"; };
		F746EE991CCE1C29008172FA /* FFGuildCell.h */ = {isa = PBXFileReference; fileEncoding = 4; lastKnownFileType = sourcecode.c.h; path = FFGuildCell.h; sourceTree = "<group>"; };
		F746EE9A1CCE1C29008172FA /* FFDoSomethingGuildVC.h */ = {isa = PBXFileReference; fileEncoding = 4; lastKnownFileType = sourcecode.c.h; path = FFDoSomethingGuildVC.h; sourceTree = "<group>"; };
		F75EA0321C86E11000878EF5 /* EJSAPIManager.h */ = {isa = PBXFileReference; fileEncoding = 4; lastKnownFileType = sourcecode.c.h; path = EJSAPIManager.h; sourceTree = "<group>"; };
		F75EA0331C86E11000878EF5 /* EJSAPIManager.m */ = {isa = PBXFileReference; fileEncoding = 4; lastKnownFileType = sourcecode.c.objc; path = EJSAPIManager.m; sourceTree = "<group>"; };
		F77333A81C7D974E00E2FD20 /* FTIntercepter.h */ = {isa = PBXFileReference; fileEncoding = 4; lastKnownFileType = sourcecode.c.h; path = FTIntercepter.h; sourceTree = "<group>"; };
		F77333A91C7D974E00E2FD20 /* FTIntercepter.m */ = {isa = PBXFileReference; fileEncoding = 4; lastKnownFileType = sourcecode.c.objc; path = FTIntercepter.m; sourceTree = "<group>"; };
		F77333AA1C7D974E00E2FD20 /* FTLog.h */ = {isa = PBXFileReference; fileEncoding = 4; lastKnownFileType = sourcecode.c.h; path = FTLog.h; sourceTree = "<group>"; };
		F77333AB1C7D974E00E2FD20 /* FTLog.m */ = {isa = PBXFileReference; fileEncoding = 4; lastKnownFileType = sourcecode.c.objc; path = FTLog.m; sourceTree = "<group>"; };
		F79084DE1CA50DF600E48E2C /* EJGuildPrimaryItemTableViewController.h */ = {isa = PBXFileReference; fileEncoding = 4; lastKnownFileType = sourcecode.c.h; path = EJGuildPrimaryItemTableViewController.h; sourceTree = "<group>"; };
		F79084DF1CA50DF600E48E2C /* EJGuildPrimaryItemTableViewController.m */ = {isa = PBXFileReference; fileEncoding = 4; lastKnownFileType = sourcecode.c.objc; path = EJGuildPrimaryItemTableViewController.m; sourceTree = "<group>"; };
		F79084E11CA50ECC00E48E2C /* EJGuildPrimaryItemViewModel.h */ = {isa = PBXFileReference; fileEncoding = 4; lastKnownFileType = sourcecode.c.h; path = EJGuildPrimaryItemViewModel.h; sourceTree = "<group>"; };
		F79084E21CA50ECC00E48E2C /* EJGuildPrimaryItemViewModel.m */ = {isa = PBXFileReference; fileEncoding = 4; lastKnownFileType = sourcecode.c.objc; path = EJGuildPrimaryItemViewModel.m; sourceTree = "<group>"; };
		F79084E41CA5257000E48E2C /* EJGuildItemTableViewCell.h */ = {isa = PBXFileReference; fileEncoding = 4; lastKnownFileType = sourcecode.c.h; path = EJGuildItemTableViewCell.h; sourceTree = "<group>"; };
		F79084E51CA5257000E48E2C /* EJGuildItemTableViewCell.m */ = {isa = PBXFileReference; fileEncoding = 4; lastKnownFileType = sourcecode.c.objc; path = EJGuildItemTableViewCell.m; sourceTree = "<group>"; };
		F79084E71CA534F500E48E2C /* EJGuildItemTableViewController.h */ = {isa = PBXFileReference; fileEncoding = 4; lastKnownFileType = sourcecode.c.h; path = EJGuildItemTableViewController.h; sourceTree = "<group>"; };
		F79084E81CA534F500E48E2C /* EJGuildItemTableViewController.m */ = {isa = PBXFileReference; fileEncoding = 4; lastKnownFileType = sourcecode.c.objc; path = EJGuildItemTableViewController.m; sourceTree = "<group>"; };
		F79084EA1CA5382900E48E2C /* EJGuildItemViewModel.h */ = {isa = PBXFileReference; fileEncoding = 4; lastKnownFileType = sourcecode.c.h; path = EJGuildItemViewModel.h; sourceTree = "<group>"; };
		F79084EB1CA5382900E48E2C /* EJGuildItemViewModel.m */ = {isa = PBXFileReference; fileEncoding = 4; lastKnownFileType = sourcecode.c.objc; path = EJGuildItemViewModel.m; sourceTree = "<group>"; };
		F79661FD1CAA1B8F00C92174 /* EJPasswordRetrieveViewController.h */ = {isa = PBXFileReference; fileEncoding = 4; lastKnownFileType = sourcecode.c.h; path = EJPasswordRetrieveViewController.h; sourceTree = "<group>"; };
		F79661FE1CAA1B8F00C92174 /* EJPasswordRetrieveViewController.m */ = {isa = PBXFileReference; fileEncoding = 4; lastKnownFileType = sourcecode.c.objc; path = EJPasswordRetrieveViewController.m; sourceTree = "<group>"; };
		F79662001CAA1BBF00C92174 /* EJPasswordRetrieveViewModel.h */ = {isa = PBXFileReference; fileEncoding = 4; lastKnownFileType = sourcecode.c.h; path = EJPasswordRetrieveViewModel.h; sourceTree = "<group>"; };
		F79662011CAA1BBF00C92174 /* EJPasswordRetrieveViewModel.m */ = {isa = PBXFileReference; fileEncoding = 4; lastKnownFileType = sourcecode.c.objc; path = EJPasswordRetrieveViewModel.m; sourceTree = "<group>"; };
		F79662031CAA29CA00C92174 /* EJResultsListAPIManager.h */ = {isa = PBXFileReference; fileEncoding = 4; lastKnownFileType = sourcecode.c.h; path = EJResultsListAPIManager.h; sourceTree = "<group>"; };
		F79662041CAA29CA00C92174 /* EJResultsListAPIManager.m */ = {isa = PBXFileReference; fileEncoding = 4; lastKnownFileType = sourcecode.c.objc; path = EJResultsListAPIManager.m; sourceTree = "<group>"; };
		F79662091CAA2B8C00C92174 /* EJProgressListAPIManger.h */ = {isa = PBXFileReference; fileEncoding = 4; lastKnownFileType = sourcecode.c.h; path = EJProgressListAPIManger.h; sourceTree = "<group>"; };
		F796620A1CAA2B8C00C92174 /* EJProgressListAPIManger.m */ = {isa = PBXFileReference; fileEncoding = 4; lastKnownFileType = sourcecode.c.objc; path = EJProgressListAPIManger.m; sourceTree = "<group>"; };
		F7A2BBFD1CBB820A00235F1A /* ParentViewController.m */ = {isa = PBXFileReference; fileEncoding = 4; lastKnownFileType = sourcecode.c.objc; path = ParentViewController.m; sourceTree = "<group>"; };
		F7A2BBFE1CBB820A00235F1A /* ParentViewController.h */ = {isa = PBXFileReference; fileEncoding = 4; lastKnownFileType = sourcecode.c.h; path = ParentViewController.h; sourceTree = "<group>"; };
		F7A5B8E41C895CBC00672967 /* EJRegisterAPIManager.h */ = {isa = PBXFileReference; fileEncoding = 4; lastKnownFileType = sourcecode.c.h; path = EJRegisterAPIManager.h; sourceTree = "<group>"; };
		F7A5B8E51C895CBC00672967 /* EJRegisterAPIManager.m */ = {isa = PBXFileReference; fileEncoding = 4; lastKnownFileType = sourcecode.c.objc; path = EJRegisterAPIManager.m; sourceTree = "<group>"; };
		F7A5B8E71C8969F600672967 /* EJRegisterViewController.h */ = {isa = PBXFileReference; fileEncoding = 4; lastKnownFileType = sourcecode.c.h; path = EJRegisterViewController.h; sourceTree = "<group>"; };
		F7A5B8E81C8969F600672967 /* EJRegisterViewController.m */ = {isa = PBXFileReference; fileEncoding = 4; lastKnownFileType = sourcecode.c.objc; path = EJRegisterViewController.m; sourceTree = "<group>"; };
		F7A67E661CA3DE5D00A64DE1 /* GuildDistrictButton.xib */ = {isa = PBXFileReference; fileEncoding = 4; lastKnownFileType = file.xib; path = GuildDistrictButton.xib; sourceTree = "<group>"; };
		F7A67E681CA4051C00A64DE1 /* GuildSectionButton.xib */ = {isa = PBXFileReference; fileEncoding = 4; lastKnownFileType = file.xib; path = GuildSectionButton.xib; sourceTree = "<group>"; };
		F7A67E6A1CA40B6C00A64DE1 /* EJSectionListAPIManager.h */ = {isa = PBXFileReference; fileEncoding = 4; lastKnownFileType = sourcecode.c.h; path = EJSectionListAPIManager.h; sourceTree = "<group>"; };
		F7A67E6B1CA40B6C00A64DE1 /* EJSectionListAPIManager.m */ = {isa = PBXFileReference; fileEncoding = 4; lastKnownFileType = sourcecode.c.objc; path = EJSectionListAPIManager.m; sourceTree = "<group>"; };
		F7A67E6D1CA40CD800A64DE1 /* EJPrimaryItemAPIManger.h */ = {isa = PBXFileReference; fileEncoding = 4; lastKnownFileType = sourcecode.c.h; path = EJPrimaryItemAPIManger.h; sourceTree = "<group>"; };
		F7A67E6E1CA40CD800A64DE1 /* EJPrimaryItemAPIManger.m */ = {isa = PBXFileReference; fileEncoding = 4; lastKnownFileType = sourcecode.c.objc; path = EJPrimaryItemAPIManger.m; sourceTree = "<group>"; };
		F7A67E701CA40CFE00A64DE1 /* EJItemAPIManager.h */ = {isa = PBXFileReference; fileEncoding = 4; lastKnownFileType = sourcecode.c.h; path = EJItemAPIManager.h; sourceTree = "<group>"; };
		F7A67E711CA40CFE00A64DE1 /* EJItemAPIManager.m */ = {isa = PBXFileReference; fileEncoding = 4; lastKnownFileType = sourcecode.c.objc; path = EJItemAPIManager.m; sourceTree = "<group>"; };
		F7A67E731CA40D2B00A64DE1 /* EJItemInfoAPIManager.h */ = {isa = PBXFileReference; fileEncoding = 4; lastKnownFileType = sourcecode.c.h; path = EJItemInfoAPIManager.h; sourceTree = "<group>"; };
		F7A67E741CA40D2B00A64DE1 /* EJItemInfoAPIManager.m */ = {isa = PBXFileReference; fileEncoding = 4; lastKnownFileType = sourcecode.c.objc; path = EJItemInfoAPIManager.m; sourceTree = "<group>"; };
		F7A86D271C891731006D5F18 /* Logger.storyboard */ = {isa = PBXFileReference; fileEncoding = 4; lastKnownFileType = file.storyboard; path = Logger.storyboard; sourceTree = "<group>"; };
		F7A86D2A1C891997006D5F18 /* EJLoginTableViewController.h */ = {isa = PBXFileReference; fileEncoding = 4; lastKnownFileType = sourcecode.c.h; path = EJLoginTableViewController.h; sourceTree = "<group>"; };
		F7A86D2B1C891997006D5F18 /* EJLoginTableViewController.m */ = {isa = PBXFileReference; fileEncoding = 4; lastKnownFileType = sourcecode.c.objc; path = EJLoginTableViewController.m; sourceTree = "<group>"; };
		F7A86D2C1C891997006D5F18 /* EJLoginViewModel.h */ = {isa = PBXFileReference; fileEncoding = 4; lastKnownFileType = sourcecode.c.h; path = EJLoginViewModel.h; sourceTree = "<group>"; };
		F7A86D2D1C891997006D5F18 /* EJLoginViewModel.m */ = {isa = PBXFileReference; fileEncoding = 4; lastKnownFileType = sourcecode.c.objc; path = EJLoginViewModel.m; sourceTree = "<group>"; };
		F7A86D301C891A79006D5F18 /* FTVerifier.h */ = {isa = PBXFileReference; fileEncoding = 4; lastKnownFileType = sourcecode.c.h; name = FTVerifier.h; path = ../FTVerifier.h; sourceTree = "<group>"; };
		F7A86D311C891A79006D5F18 /* FTVerifier.m */ = {isa = PBXFileReference; fileEncoding = 4; lastKnownFileType = sourcecode.c.objc; name = FTVerifier.m; path = ../FTVerifier.m; sourceTree = "<group>"; };
		F7A86D331C891B2E006D5F18 /* EJLoginAPIManager.h */ = {isa = PBXFileReference; fileEncoding = 4; lastKnownFileType = sourcecode.c.h; path = EJLoginAPIManager.h; sourceTree = "<group>"; };
		F7A86D341C891B2E006D5F18 /* EJLoginAPIManager.m */ = {isa = PBXFileReference; fileEncoding = 4; lastKnownFileType = sourcecode.c.objc; path = EJLoginAPIManager.m; sourceTree = "<group>"; };
		F7A86D361C891C1F006D5F18 /* EJValidateUsernameAPIManager.h */ = {isa = PBXFileReference; fileEncoding = 4; lastKnownFileType = sourcecode.c.h; path = EJValidateUsernameAPIManager.h; sourceTree = "<group>"; };
		F7A86D371C891C1F006D5F18 /* EJValidateUsernameAPIManager.m */ = {isa = PBXFileReference; fileEncoding = 4; lastKnownFileType = sourcecode.c.objc; path = EJValidateUsernameAPIManager.m; sourceTree = "<group>"; };
		F7A86D391C8941B2006D5F18 /* EJRegisterViewModel.h */ = {isa = PBXFileReference; fileEncoding = 4; lastKnownFileType = sourcecode.c.h; path = EJRegisterViewModel.h; sourceTree = "<group>"; };
		F7A86D3A1C8941B2006D5F18 /* EJRegisterViewModel.m */ = {isa = PBXFileReference; fileEncoding = 4; lastKnownFileType = sourcecode.c.objc; path = EJRegisterViewModel.m; sourceTree = "<group>"; };
		F7A86D421C89427B006D5F18 /* EJChangePasswordViewModel.h */ = {isa = PBXFileReference; fileEncoding = 4; lastKnownFileType = sourcecode.c.h; path = EJChangePasswordViewModel.h; sourceTree = "<group>"; };
		F7A86D431C89427B006D5F18 /* EJChangePasswordViewModel.m */ = {isa = PBXFileReference; fileEncoding = 4; lastKnownFileType = sourcecode.c.objc; path = EJChangePasswordViewModel.m; sourceTree = "<group>"; };
		F7A86D451C8942B4006D5F18 /* EJModifyUserinfoViewModel.h */ = {isa = PBXFileReference; fileEncoding = 4; lastKnownFileType = sourcecode.c.h; path = EJModifyUserinfoViewModel.h; sourceTree = "<group>"; };
		F7A86D461C8942B4006D5F18 /* EJModifyUserinfoViewModel.m */ = {isa = PBXFileReference; fileEncoding = 4; lastKnownFileType = sourcecode.c.objc; path = EJModifyUserinfoViewModel.m; sourceTree = "<group>"; };
		F7AB18FE1C8698F100723EC2 /* EJNewsViewController.h */ = {isa = PBXFileReference; fileEncoding = 4; lastKnownFileType = sourcecode.c.h; name = EJNewsViewController.h; path = HBJT/EJNewsViewController.h; sourceTree = SOURCE_ROOT; };
		F7AB18FF1C8698F100723EC2 /* EJNewsViewController.m */ = {isa = PBXFileReference; fileEncoding = 4; lastKnownFileType = sourcecode.c.objc; name = EJNewsViewController.m; path = HBJT/EJNewsViewController.m; sourceTree = SOURCE_ROOT; };
		F7AB19061C86CC2A00723EC2 /* UIViewController+FTBinding.h */ = {isa = PBXFileReference; fileEncoding = 4; lastKnownFileType = sourcecode.c.h; path = "UIViewController+FTBinding.h"; sourceTree = "<group>"; };
		F7AB19071C86CC2A00723EC2 /* UIViewController+FTBinding.m */ = {isa = PBXFileReference; fileEncoding = 4; lastKnownFileType = sourcecode.c.objc; path = "UIViewController+FTBinding.m"; sourceTree = "<group>"; };
		F7AB19091C86CCB400723EC2 /* FTFoundation.h */ = {isa = PBXFileReference; lastKnownFileType = sourcecode.c.h; path = FTFoundation.h; sourceTree = "<group>"; };
		F7AB54811CAD04A700114DD1 /* EJWebViewController.h */ = {isa = PBXFileReference; fileEncoding = 4; lastKnownFileType = sourcecode.c.h; path = EJWebViewController.h; sourceTree = "<group>"; };
		F7AB54821CAD04A700114DD1 /* EJWebViewController.m */ = {isa = PBXFileReference; fileEncoding = 4; lastKnownFileType = sourcecode.c.objc; path = EJWebViewController.m; sourceTree = "<group>"; };
		F7AC66BB1C8FB75E00BC8456 /* EJMenuViewModel.h */ = {isa = PBXFileReference; fileEncoding = 4; lastKnownFileType = sourcecode.c.h; path = EJMenuViewModel.h; sourceTree = "<group>"; };
		F7AC66BC1C8FB75E00BC8456 /* EJMenuViewModel.m */ = {isa = PBXFileReference; fileEncoding = 4; lastKnownFileType = sourcecode.c.objc; path = EJMenuViewModel.m; sourceTree = "<group>"; };
		F7AC66BE1C8FFDA200BC8456 /* EJUserAgreementViewController.h */ = {isa = PBXFileReference; fileEncoding = 4; lastKnownFileType = sourcecode.c.h; path = EJUserAgreementViewController.h; sourceTree = "<group>"; };
		F7AC66BF1C8FFDA200BC8456 /* EJUserAgreementViewController.m */ = {isa = PBXFileReference; fileEncoding = 4; lastKnownFileType = sourcecode.c.objc; path = EJUserAgreementViewController.m; sourceTree = "<group>"; };
		F7AEC05C1C926CF6003DD341 /* EJMatterIndexTableViewController.h */ = {isa = PBXFileReference; fileEncoding = 4; lastKnownFileType = sourcecode.c.h; path = EJMatterIndexTableViewController.h; sourceTree = "<group>"; };
		F7AEC05D1C926CF6003DD341 /* EJMatterIndexTableViewController.m */ = {isa = PBXFileReference; fileEncoding = 4; lastKnownFileType = sourcecode.c.objc; path = EJMatterIndexTableViewController.m; sourceTree = "<group>"; };
		F7AF7BB81CA8C68D001814E5 /* EJNewsDetailViewController.h */ = {isa = PBXFileReference; fileEncoding = 4; lastKnownFileType = sourcecode.c.h; path = EJNewsDetailViewController.h; sourceTree = "<group>"; };
		F7AF7BB91CA8C68D001814E5 /* EJNewsDetailViewController.m */ = {isa = PBXFileReference; fileEncoding = 4; lastKnownFileType = sourcecode.c.objc; path = EJNewsDetailViewController.m; sourceTree = "<group>"; };
		F7AF7BC11CA8DA53001814E5 /* EJGuildItemDetailViewModel.h */ = {isa = PBXFileReference; fileEncoding = 4; lastKnownFileType = sourcecode.c.h; path = EJGuildItemDetailViewModel.h; sourceTree = "<group>"; };
		F7AF7BC21CA8DA53001814E5 /* EJGuildItemDetailViewModel.m */ = {isa = PBXFileReference; fileEncoding = 4; lastKnownFileType = sourcecode.c.objc; path = EJGuildItemDetailViewModel.m; sourceTree = "<group>"; };
		F7AF7BC41CA9040D001814E5 /* EJNewsDetailViewModel.h */ = {isa = PBXFileReference; fileEncoding = 4; lastKnownFileType = sourcecode.c.h; path = EJNewsDetailViewModel.h; sourceTree = "<group>"; };
		F7AF7BC51CA9040D001814E5 /* EJNewsDetailViewModel.m */ = {isa = PBXFileReference; fileEncoding = 4; lastKnownFileType = sourcecode.c.objc; path = EJNewsDetailViewModel.m; sourceTree = "<group>"; };
		F7AF7BC71CA90535001814E5 /* EJWebsiteArticleDetailAPIManager.h */ = {isa = PBXFileReference; fileEncoding = 4; lastKnownFileType = sourcecode.c.h; path = EJWebsiteArticleDetailAPIManager.h; sourceTree = "<group>"; };
		F7AF7BC81CA90535001814E5 /* EJWebsiteArticleDetailAPIManager.m */ = {isa = PBXFileReference; fileEncoding = 4; lastKnownFileType = sourcecode.c.objc; path = EJWebsiteArticleDetailAPIManager.m; sourceTree = "<group>"; };
		F7AF7BCA1CA90558001814E5 /* EJWebsiteArticleLaudAPIManager.h */ = {isa = PBXFileReference; fileEncoding = 4; lastKnownFileType = sourcecode.c.h; path = EJWebsiteArticleLaudAPIManager.h; sourceTree = "<group>"; };
		F7AF7BCB1CA90558001814E5 /* EJWebsiteArticleLaudAPIManager.m */ = {isa = PBXFileReference; fileEncoding = 4; lastKnownFileType = sourcecode.c.objc; path = EJWebsiteArticleLaudAPIManager.m; sourceTree = "<group>"; };
		F7B306A61CBDED8F00EFB0F5 /* EJFollowViewController.h */ = {isa = PBXFileReference; fileEncoding = 4; lastKnownFileType = sourcecode.c.h; path = EJFollowViewController.h; sourceTree = "<group>"; };
		F7B306A71CBDED8F00EFB0F5 /* EJFollowViewController.m */ = {isa = PBXFileReference; fileEncoding = 4; lastKnownFileType = sourcecode.c.objc; path = EJFollowViewController.m; sourceTree = "<group>"; };
		F7B306AA1CBDEDFF00EFB0F5 /* EJFollowViewModel.h */ = {isa = PBXFileReference; fileEncoding = 4; lastKnownFileType = sourcecode.c.h; path = EJFollowViewModel.h; sourceTree = "<group>"; };
		F7B306AB1CBDEDFF00EFB0F5 /* EJFollowViewModel.m */ = {isa = PBXFileReference; fileEncoding = 4; lastKnownFileType = sourcecode.c.objc; path = EJFollowViewModel.m; sourceTree = "<group>"; };
		F7B306AD1CBDEE1800EFB0F5 /* EJFollowListAPIManager.h */ = {isa = PBXFileReference; fileEncoding = 4; lastKnownFileType = sourcecode.c.h; path = EJFollowListAPIManager.h; sourceTree = "<group>"; };
		F7B306AE1CBDEE1800EFB0F5 /* EJFollowListAPIManager.m */ = {isa = PBXFileReference; fileEncoding = 4; lastKnownFileType = sourcecode.c.objc; path = EJFollowListAPIManager.m; sourceTree = "<group>"; };
		F7B36BDB1CD0B97B00640934 /* VerifyTool.m */ = {isa = PBXFileReference; fileEncoding = 4; lastKnownFileType = sourcecode.c.objc; path = VerifyTool.m; sourceTree = "<group>"; };
		F7B36BDC1CD0B97B00640934 /* VerifyTool.h */ = {isa = PBXFileReference; fileEncoding = 4; lastKnownFileType = sourcecode.c.h; path = VerifyTool.h; sourceTree = "<group>"; };
		F7B6155B1CCA14280009637F /* EJFollowAPIManager.h */ = {isa = PBXFileReference; fileEncoding = 4; lastKnownFileType = sourcecode.c.h; path = EJFollowAPIManager.h; sourceTree = "<group>"; };
		F7B6155C1CCA14280009637F /* EJFollowAPIManager.m */ = {isa = PBXFileReference; fileEncoding = 4; lastKnownFileType = sourcecode.c.objc; path = EJFollowAPIManager.m; sourceTree = "<group>"; };
		F7B6155E1CCA319E0009637F /* UIViewController+BarItem.h */ = {isa = PBXFileReference; fileEncoding = 4; lastKnownFileType = sourcecode.c.h; path = "UIViewController+BarItem.h"; sourceTree = "<group>"; };
		F7B6155F1CCA319E0009637F /* UIViewController+BarItem.m */ = {isa = PBXFileReference; fileEncoding = 4; lastKnownFileType = sourcecode.c.objc; path = "UIViewController+BarItem.m"; sourceTree = "<group>"; };
		F7B615611CCA32170009637F /* CommonTool.h */ = {isa = PBXFileReference; fileEncoding = 4; lastKnownFileType = sourcecode.c.h; path = CommonTool.h; sourceTree = "<group>"; };
		F7B615621CCA32170009637F /* CommonTool.m */ = {isa = PBXFileReference; fileEncoding = 4; lastKnownFileType = sourcecode.c.objc; path = CommonTool.m; sourceTree = "<group>"; };
		F7B964251CC47F1900BE4C1E /* RootNavgationController.h */ = {isa = PBXFileReference; fileEncoding = 4; lastKnownFileType = sourcecode.c.h; path = RootNavgationController.h; sourceTree = "<group>"; };
		F7B964261CC47F1900BE4C1E /* RootNavgationController.m */ = {isa = PBXFileReference; fileEncoding = 4; lastKnownFileType = sourcecode.c.objc; path = RootNavgationController.m; sourceTree = "<group>"; };
		F7B9F7551CAE149A00A48158 /* EJResultDetailAPIManager.h */ = {isa = PBXFileReference; fileEncoding = 4; lastKnownFileType = sourcecode.c.h; path = EJResultDetailAPIManager.h; sourceTree = "<group>"; };
		F7B9F7561CAE149A00A48158 /* EJResultDetailAPIManager.m */ = {isa = PBXFileReference; fileEncoding = 4; lastKnownFileType = sourcecode.c.objc; path = EJResultDetailAPIManager.m; sourceTree = "<group>"; };
		F7B9F7581CAE14B700A48158 /* EJProgressDetailAPIManager.h */ = {isa = PBXFileReference; fileEncoding = 4; lastKnownFileType = sourcecode.c.h; path = EJProgressDetailAPIManager.h; sourceTree = "<group>"; };
		F7B9F7591CAE14B700A48158 /* EJProgressDetailAPIManager.m */ = {isa = PBXFileReference; fileEncoding = 4; lastKnownFileType = sourcecode.c.objc; path = EJProgressDetailAPIManager.m; sourceTree = "<group>"; };
		F7B9F75E1CAE1A4E00A48158 /* EJResultDetailViewModel.h */ = {isa = PBXFileReference; fileEncoding = 4; lastKnownFileType = sourcecode.c.h; path = EJResultDetailViewModel.h; sourceTree = "<group>"; };
		F7B9F75F1CAE1A4E00A48158 /* EJResultDetailViewModel.m */ = {isa = PBXFileReference; fileEncoding = 4; lastKnownFileType = sourcecode.c.objc; path = EJResultDetailViewModel.m; sourceTree = "<group>"; };
		F7B9F7611CAE515900A48158 /* EJVeriftyPhoneNumberAPIManager.h */ = {isa = PBXFileReference; fileEncoding = 4; lastKnownFileType = sourcecode.c.h; path = EJVeriftyPhoneNumberAPIManager.h; sourceTree = "<group>"; };
		F7B9F7621CAE515900A48158 /* EJVeriftyPhoneNumberAPIManager.m */ = {isa = PBXFileReference; fileEncoding = 4; lastKnownFileType = sourcecode.c.objc; path = EJVeriftyPhoneNumberAPIManager.m; sourceTree = "<group>"; };
		F7B9F7641CAE518E00A48158 /* EJPasswordRetrieveAPIManager.h */ = {isa = PBXFileReference; fileEncoding = 4; lastKnownFileType = sourcecode.c.h; path = EJPasswordRetrieveAPIManager.h; sourceTree = "<group>"; };
		F7B9F7651CAE518E00A48158 /* EJPasswordRetrieveAPIManager.m */ = {isa = PBXFileReference; fileEncoding = 4; lastKnownFileType = sourcecode.c.objc; path = EJPasswordRetrieveAPIManager.m; sourceTree = "<group>"; };
		F7C14FC71C84224600779833 /* EJFramework.h */ = {isa = PBXFileReference; fileEncoding = 4; lastKnownFileType = sourcecode.c.h; name = EJFramework.h; path = HBJT/EJFramework.h; sourceTree = "<group>"; };
		F7C14FC81C8434E200779833 /* Index.storyboard */ = {isa = PBXFileReference; fileEncoding = 4; lastKnownFileType = file.storyboard; path = Index.storyboard; sourceTree = "<group>"; };
		F7C14FC91C8434E200779833 /* Menu.storyboard */ = {isa = PBXFileReference; fileEncoding = 4; lastKnownFileType = file.storyboard; path = Menu.storyboard; sourceTree = "<group>"; };
		F7C14FCF1C853A9B00779833 /* FTAPIManager.h */ = {isa = PBXFileReference; fileEncoding = 4; lastKnownFileType = sourcecode.c.h; path = FTAPIManager.h; sourceTree = "<group>"; };
		F7C14FD01C853A9B00779833 /* FTAPIManager.m */ = {isa = PBXFileReference; fileEncoding = 4; lastKnownFileType = sourcecode.c.objc; path = FTAPIManager.m; sourceTree = "<group>"; };
		F7C14FDA1C853A9B00779833 /* FTViewModel.h */ = {isa = PBXFileReference; fileEncoding = 4; lastKnownFileType = sourcecode.c.h; path = FTViewModel.h; sourceTree = "<group>"; };
		F7C14FDB1C853A9B00779833 /* FTViewModel.m */ = {isa = PBXFileReference; fileEncoding = 4; lastKnownFileType = sourcecode.c.objc; path = FTViewModel.m; sourceTree = "<group>"; };
		F7C14FE41C853BD500779833 /* EJSNetwork.h */ = {isa = PBXFileReference; fileEncoding = 4; lastKnownFileType = sourcecode.c.h; path = EJSNetwork.h; sourceTree = "<group>"; };
		F7C14FE51C853BE700779833 /* EJS.h */ = {isa = PBXFileReference; lastKnownFileType = sourcecode.c.h; path = EJS.h; sourceTree = "<group>"; };
		F7C14FE81C85404A00779833 /* EJSNetwork.m */ = {isa = PBXFileReference; fileEncoding = 4; lastKnownFileType = sourcecode.c.objc; path = EJSNetwork.m; sourceTree = "<group>"; };
		F7C14FEA1C85464200779833 /* EJSNetworkAPIName.h */ = {isa = PBXFileReference; lastKnownFileType = sourcecode.c.h; path = EJSNetworkAPIName.h; sourceTree = "<group>"; };
		F7C14FED1C85746100779833 /* FTools.h */ = {isa = PBXFileReference; fileEncoding = 4; lastKnownFileType = sourcecode.c.h; path = FTools.h; sourceTree = "<group>"; };
		F7C1596D1C8589F000779833 /* EJMenuTableViewController.h */ = {isa = PBXFileReference; fileEncoding = 4; lastKnownFileType = sourcecode.c.h; path = EJMenuTableViewController.h; sourceTree = "<group>"; };
		F7C1596E1C8589F000779833 /* EJMenuTableViewController.m */ = {isa = PBXFileReference; fileEncoding = 4; lastKnownFileType = sourcecode.c.objc; path = EJMenuTableViewController.m; sourceTree = "<group>"; };
		F7C159701C858B4200779833 /* EJIndexViewController.h */ = {isa = PBXFileReference; fileEncoding = 4; lastKnownFileType = sourcecode.c.h; path = EJIndexViewController.h; sourceTree = "<group>"; };
		F7C159711C858B4200779833 /* EJIndexViewController.m */ = {isa = PBXFileReference; fileEncoding = 4; lastKnownFileType = sourcecode.c.objc; path = EJIndexViewController.m; sourceTree = "<group>"; };
		F7C4C9751C9647F200C36129 /* EJNewsViewModel.h */ = {isa = PBXFileReference; fileEncoding = 4; lastKnownFileType = sourcecode.c.h; path = EJNewsViewModel.h; sourceTree = "<group>"; };
		F7C4C9761C9647F200C36129 /* EJNewsViewModel.m */ = {isa = PBXFileReference; fileEncoding = 4; lastKnownFileType = sourcecode.c.objc; path = EJNewsViewModel.m; sourceTree = "<group>"; };
		F7C4C97B1C964F0700C36129 /* EJWebsiteArticleListAPIManager.h */ = {isa = PBXFileReference; fileEncoding = 4; lastKnownFileType = sourcecode.c.h; path = EJWebsiteArticleListAPIManager.h; sourceTree = "<group>"; };
		F7C4C97C1C964F0700C36129 /* EJWebsiteArticleListAPIManager.m */ = {isa = PBXFileReference; fileEncoding = 4; lastKnownFileType = sourcecode.c.objc; path = EJWebsiteArticleListAPIManager.m; sourceTree = "<group>"; };
		F7C4C97E1C964F3B00C36129 /* EJWebsiteLaudNumberAPIManager.h */ = {isa = PBXFileReference; fileEncoding = 4; lastKnownFileType = sourcecode.c.h; path = EJWebsiteLaudNumberAPIManager.h; sourceTree = "<group>"; };
		F7C4C97F1C964F3B00C36129 /* EJWebsiteLaudNumberAPIManager.m */ = {isa = PBXFileReference; fileEncoding = 4; lastKnownFileType = sourcecode.c.objc; path = EJWebsiteLaudNumberAPIManager.m; sourceTree = "<group>"; };
		F7C7A8341CC9C57F006CA633 /* Follow.storyboard */ = {isa = PBXFileReference; fileEncoding = 4; lastKnownFileType = file.storyboard; path = Follow.storyboard; sourceTree = "<group>"; };
		F7DFF90E1C7D595500A24DB5 /* HBJT.app */ = {isa = PBXFileReference; explicitFileType = wrapper.application; includeInIndex = 0; path = HBJT.app; sourceTree = BUILT_PRODUCTS_DIR; };
		F7DFF9291C7D64A900A24DB5 /* MapKit.framework */ = {isa = PBXFileReference; lastKnownFileType = wrapper.framework; name = MapKit.framework; path = System/Library/Frameworks/MapKit.framework; sourceTree = SDKROOT; };
		F7DFF92E1C7D74EF00A24DB5 /* AppDelegate.h */ = {isa = PBXFileReference; fileEncoding = 4; lastKnownFileType = sourcecode.c.h; path = AppDelegate.h; sourceTree = "<group>"; };
		F7DFF92F1C7D74EF00A24DB5 /* AppDelegate.m */ = {isa = PBXFileReference; fileEncoding = 4; lastKnownFileType = sourcecode.c.objc; path = AppDelegate.m; sourceTree = "<group>"; };
		F7DFF9301C7D74EF00A24DB5 /* Assets.xcassets */ = {isa = PBXFileReference; lastKnownFileType = folder.assetcatalog; name = Assets.xcassets; path = HBJT/Assets.xcassets; sourceTree = "<group>"; };
		F7DFF9321C7D74EF00A24DB5 /* Base */ = {isa = PBXFileReference; lastKnownFileType = file.storyboard; name = Base; path = Base.lproj/LaunchScreen.storyboard; sourceTree = "<group>"; };
		F7DFF9341C7D74EF00A24DB5 /* Base */ = {isa = PBXFileReference; lastKnownFileType = file.storyboard; name = Base; path = Base.lproj/Main.storyboard; sourceTree = "<group>"; };
		F7DFF9351C7D74EF00A24DB5 /* Info.plist */ = {isa = PBXFileReference; fileEncoding = 4; lastKnownFileType = text.plist.xml; name = Info.plist; path = HBJT/Info.plist; sourceTree = "<group>"; };
		F7DFF9361C7D74EF00A24DB5 /* main.m */ = {isa = PBXFileReference; fileEncoding = 4; lastKnownFileType = sourcecode.c.objc; name = main.m; path = HBJT/main.m; sourceTree = "<group>"; };
		F7E1B40A1C99460700536C6C /* UIScrollView+HATFCarousel.h */ = {isa = PBXFileReference; fileEncoding = 4; lastKnownFileType = sourcecode.c.h; path = "UIScrollView+HATFCarousel.h"; sourceTree = "<group>"; };
		F7E1B40B1C99460700536C6C /* UIScrollView+HATFCarousel.m */ = {isa = PBXFileReference; fileEncoding = 4; lastKnownFileType = sourcecode.c.objc; path = "UIScrollView+HATFCarousel.m"; sourceTree = "<group>"; };
		F7EA97641CC8B54D00A2E77E /* EJGuildResultTableViewCell.h */ = {isa = PBXFileReference; fileEncoding = 4; lastKnownFileType = sourcecode.c.h; path = EJGuildResultTableViewCell.h; sourceTree = "<group>"; };
		F7EA97651CC8B54D00A2E77E /* EJGuildResultTableViewCell.m */ = {isa = PBXFileReference; fileEncoding = 4; lastKnownFileType = sourcecode.c.objc; path = EJGuildResultTableViewCell.m; sourceTree = "<group>"; };
		F7F8F9FA1C881A53008758BF /* EJSSet.h */ = {isa = PBXFileReference; fileEncoding = 4; lastKnownFileType = sourcecode.c.h; path = EJSSet.h; sourceTree = "<group>"; };
		F7F8F9FB1C881A54008758BF /* EJSSet.m */ = {isa = PBXFileReference; fileEncoding = 4; lastKnownFileType = sourcecode.c.objc; path = EJSSet.m; sourceTree = "<group>"; };
		F7FE55191C91544C001C1F6B /* Userinfo.storyboard */ = {isa = PBXFileReference; fileEncoding = 4; lastKnownFileType = file.storyboard; path = Userinfo.storyboard; sourceTree = "<group>"; };
		F7FE551B1C9154E5001C1F6B /* EJModifyUserinfoViewController.h */ = {isa = PBXFileReference; fileEncoding = 4; lastKnownFileType = sourcecode.c.h; path = EJModifyUserinfoViewController.h; sourceTree = "<group>"; };
		F7FE551C1C9154E5001C1F6B /* EJModifyUserinfoViewController.m */ = {isa = PBXFileReference; fileEncoding = 4; lastKnownFileType = sourcecode.c.objc; path = EJModifyUserinfoViewController.m; sourceTree = "<group>"; };
		F7FE551E1C915E1C001C1F6B /* EJModifyUserinfoAPIManager.h */ = {isa = PBXFileReference; fileEncoding = 4; lastKnownFileType = sourcecode.c.h; path = EJModifyUserinfoAPIManager.h; sourceTree = "<group>"; };
		F7FE551F1C915E1C001C1F6B /* EJModifyUserinfoAPIManager.m */ = {isa = PBXFileReference; fileEncoding = 4; lastKnownFileType = sourcecode.c.objc; path = EJModifyUserinfoAPIManager.m; sourceTree = "<group>"; };
		F7FE55211C9181FA001C1F6B /* EJChangePasswordAPIManager.h */ = {isa = PBXFileReference; fileEncoding = 4; lastKnownFileType = sourcecode.c.h; path = EJChangePasswordAPIManager.h; sourceTree = "<group>"; };
		F7FE55221C9181FA001C1F6B /* EJChangePasswordAPIManager.m */ = {isa = PBXFileReference; fileEncoding = 4; lastKnownFileType = sourcecode.c.objc; path = EJChangePasswordAPIManager.m; sourceTree = "<group>"; };
		F7FE55241C918363001C1F6B /* EJVerityPasswordAPIManager.h */ = {isa = PBXFileReference; fileEncoding = 4; lastKnownFileType = sourcecode.c.h; path = EJVerityPasswordAPIManager.h; sourceTree = "<group>"; };
		F7FE55251C918363001C1F6B /* EJVerityPasswordAPIManager.m */ = {isa = PBXFileReference; fileEncoding = 4; lastKnownFileType = sourcecode.c.objc; path = EJVerityPasswordAPIManager.m; sourceTree = "<group>"; };
		F7FE55271C919B24001C1F6B /* EJMatterViewController.h */ = {isa = PBXFileReference; fileEncoding = 4; lastKnownFileType = sourcecode.c.h; path = EJMatterViewController.h; sourceTree = "<group>"; };
		F7FE55281C919B24001C1F6B /* EJMatterViewController.m */ = {isa = PBXFileReference; fileEncoding = 4; lastKnownFileType = sourcecode.c.objc; path = EJMatterViewController.m; sourceTree = "<group>"; };
		F7FE552A1C919B57001C1F6B /* EJMatterViewModel.h */ = {isa = PBXFileReference; fileEncoding = 4; lastKnownFileType = sourcecode.c.h; path = EJMatterViewModel.h; sourceTree = "<group>"; };
		F7FE552B1C919B57001C1F6B /* EJMatterViewModel.m */ = {isa = PBXFileReference; fileEncoding = 4; lastKnownFileType = sourcecode.c.objc; path = EJMatterViewModel.m; sourceTree = "<group>"; };
		F7FE55411C919FA7001C1F6B /* EJChangePasswordViewController.h */ = {isa = PBXFileReference; fileEncoding = 4; lastKnownFileType = sourcecode.c.h; path = EJChangePasswordViewController.h; sourceTree = "<group>"; };
		F7FE55421C919FA7001C1F6B /* EJChangePasswordViewController.m */ = {isa = PBXFileReference; fileEncoding = 4; lastKnownFileType = sourcecode.c.objc; path = EJChangePasswordViewController.m; sourceTree = "<group>"; };
		F7FE55441C91A480001C1F6B /* Matter.storyboard */ = {isa = PBXFileReference; fileEncoding = 4; lastKnownFileType = file.storyboard; path = Matter.storyboard; sourceTree = "<group>"; };
/* End PBXFileReference section */

/* Begin PBXFrameworksBuildPhase section */
		F7DFF90B1C7D595500A24DB5 /* Frameworks */ = {
			isa = PBXFrameworksBuildPhase;
			buildActionMask = 2147483647;
			files = (
				F7DFF92A1C7D64A900A24DB5 /* MapKit.framework in Frameworks */,
				EE011AD9E0A2AFE8718DB733 /* libPods.a in Frameworks */,
			);
			runOnlyForDeploymentPostprocessing = 0;
		};
/* End PBXFrameworksBuildPhase section */

/* Begin PBXGroup section */
		08F7B9A81CCF0BC700CF0BAD /* 行政审批 */ = {
			isa = PBXGroup;
			children = (
				F731A4DE1CA0DBFF00A0A2A5 /* EJGuildViewController.h */,
				F731A4DF1CA0DBFF00A0A2A5 /* EJGuildViewController.m */,
				F7EA97641CC8B54D00A2E77E /* EJGuildResultTableViewCell.h */,
				F7EA97651CC8B54D00A2E77E /* EJGuildResultTableViewCell.m */,
				F731A4E41CA0DCFD00A0A2A5 /* EJGuildViewModel.h */,
				F731A4E51CA0DCFD00A0A2A5 /* EJGuildViewModel.m */,
				F7A67E661CA3DE5D00A64DE1 /* GuildDistrictButton.xib */,
				F7A67E681CA4051C00A64DE1 /* GuildSectionButton.xib */,
			);
			name = "行政审批";
			sourceTree = "<group>";
		};
		08F7B9A91CCF0C3600CF0BAD /* 武汉市交通运输局 */ = {
			isa = PBXGroup;
			children = (
				F79084DE1CA50DF600E48E2C /* EJGuildPrimaryItemTableViewController.h */,
				F79084DF1CA50DF600E48E2C /* EJGuildPrimaryItemTableViewController.m */,
				F79084E11CA50ECC00E48E2C /* EJGuildPrimaryItemViewModel.h */,
				F79084E21CA50ECC00E48E2C /* EJGuildPrimaryItemViewModel.m */,
				F79084E41CA5257000E48E2C /* EJGuildItemTableViewCell.h */,
				F79084E51CA5257000E48E2C /* EJGuildItemTableViewCell.m */,
			);
			name = "武汉市交通运输局";
			sourceTree = "<group>";
		};
		08F7B9AA1CCF0C8800CF0BAD /* 指南详情 */ = {
			isa = PBXGroup;
			children = (
				F746EE9A1CCE1C29008172FA /* FFDoSomethingGuildVC.h */,
				F746EE971CCE1C29008172FA /* FFDoSomethingGuildVC.m */,
				F746EE991CCE1C29008172FA /* FFGuildCell.h */,
				F746EE981CCE1C29008172FA /* FFGuildCell.m */,
				F7AF7BC11CA8DA53001814E5 /* EJGuildItemDetailViewModel.h */,
				F7AF7BC21CA8DA53001814E5 /* EJGuildItemDetailViewModel.m */,
			);
			name = "指南详情";
			sourceTree = "<group>";
		};
		08F7B9AB1CCF0D1500CF0BAD /* 武汉市交通运输局2 */ = {
			isa = PBXGroup;
			children = (
				F79084E71CA534F500E48E2C /* EJGuildItemTableViewController.h */,
				F79084E81CA534F500E48E2C /* EJGuildItemTableViewController.m */,
				F79084EA1CA5382900E48E2C /* EJGuildItemViewModel.h */,
				F79084EB1CA5382900E48E2C /* EJGuildItemViewModel.m */,
			);
			name = "武汉市交通运输局2";
			sourceTree = "<group>";
		};
		08F7B9AC1CCF0EAA00CF0BAD /* 进度查询(结果公示)详情 */ = {
			isa = PBXGroup;
			children = (
				F746EE951CCE1C29008172FA /* FFProgressDetailVC.h */,
				F746EE961CCE1C29008172FA /* FFProgressDetailVC.m */,
				F7B9F75E1CAE1A4E00A48158 /* EJResultDetailViewModel.h */,
				F7B9F75F1CAE1A4E00A48158 /* EJResultDetailViewModel.m */,
			);
			name = "进度查询(结果公示)详情";
			sourceTree = "<group>";
		};
		08F7B9AD1CCF0F0B00CF0BAD /* Vendors */ = {
			isa = PBXGroup;
			children = (
				F7B36BDB1CD0B97B00640934 /* VerifyTool.m */,
				F7B36BDC1CD0B97B00640934 /* VerifyTool.h */,
				F7B615611CCA32170009637F /* CommonTool.h */,
				F7B615621CCA32170009637F /* CommonTool.m */,
				F7B6155E1CCA319E0009637F /* UIViewController+BarItem.h */,
				F7B6155F1CCA319E0009637F /* UIViewController+BarItem.m */,
			);
			name = Vendors;
			sourceTree = "<group>";
		};
		08F7B9B11CCF509E00CF0BAD /* 个人资料 */ = {
			isa = PBXGroup;
			children = (
				F7FE551B1C9154E5001C1F6B /* EJModifyUserinfoViewController.h */,
				F7FE551C1C9154E5001C1F6B /* EJModifyUserinfoViewController.m */,
			);
			name = "个人资料";
			sourceTree = "<group>";
		};
		08F7B9B21CCF50AB00CF0BAD /* 修改密码 */ = {
			isa = PBXGroup;
			children = (
				F7FE55411C919FA7001C1F6B /* EJChangePasswordViewController.h */,
				F7FE55421C919FA7001C1F6B /* EJChangePasswordViewController.m */,
			);
			name = "修改密码";
			sourceTree = "<group>";
		};
		08F7B9B31CCF50B400CF0BAD /* 登陆 */ = {
			isa = PBXGroup;
			children = (
				F7A86D2A1C891997006D5F18 /* EJLoginTableViewController.h */,
				F7A86D2B1C891997006D5F18 /* EJLoginTableViewController.m */,
			);
			name = "登陆";
			sourceTree = "<group>";
		};
		08F7B9B41CCF50BB00CF0BAD /* 注册 */ = {
			isa = PBXGroup;
			children = (
				F7A5B8E71C8969F600672967 /* EJRegisterViewController.h */,
				F7A5B8E81C8969F600672967 /* EJRegisterViewController.m */,
			);
			name = "注册";
			sourceTree = "<group>";
		};
		08F7B9B51CCF50C400CF0BAD /* 用户协议认同 */ = {
			isa = PBXGroup;
			children = (
				F7AC66BE1C8FFDA200BC8456 /* EJUserAgreementViewController.h */,
				F7AC66BF1C8FFDA200BC8456 /* EJUserAgreementViewController.m */,
			);
			name = "用户协议认同";
			sourceTree = "<group>";
		};
		08F7B9B61CCF50EF00CF0BAD /* 忘记密码 */ = {
			isa = PBXGroup;
			children = (
				F79661FD1CAA1B8F00C92174 /* EJPasswordRetrieveViewController.h */,
				F79661FE1CAA1B8F00C92174 /* EJPasswordRetrieveViewController.m */,
			);
			name = "忘记密码";
			sourceTree = "<group>";
		};
		6B9BA4E7EC2B89025271D28D /* Frameworks */ = {
			isa = PBXGroup;
			children = (
				F7DFF9291C7D64A900A24DB5 /* MapKit.framework */,
				210317032B9168BA09858C87 /* libPods.a */,
			);
			name = Frameworks;
			sourceTree = "<group>";
		};
		B1B7CC557BD1024F8DF54DD8 /* Pods */ = {
			isa = PBXGroup;
			children = (
				B4E1DC973ECEE0364534613E /* Pods.debug.xcconfig */,
				5E077DB84359F2F7E567C7E7 /* Pods.release.xcconfig */,
			);
			name = Pods;
			sourceTree = "<group>";
		};
		F716BC661C86880100516DF4 /* EJIndex */ = {
			isa = PBXGroup;
			children = (
				F7C14FC81C8434E200779833 /* Index.storyboard */,
				F7AB54811CAD04A700114DD1 /* EJWebViewController.h */,
				F7AB54821CAD04A700114DD1 /* EJWebViewController.m */,
				F7C159701C858B4200779833 /* EJIndexViewController.h */,
				F7C159711C858B4200779833 /* EJIndexViewController.m */,
				F716BC631C86872500516DF4 /* EJIndexViewModel.h */,
				F716BC641C86872500516DF4 /* EJIndexViewModel.m */,
			);
			name = EJIndex;
			sourceTree = "<group>";
		};
		F731A4DD1CA0DBBB00A0A2A5 /* EJGuild */ = {
			isa = PBXGroup;
			children = (
				F731A4DB1CA0DB9100A0A2A5 /* Guild.storyboard */,
				08F7B9A81CCF0BC700CF0BAD /* 行政审批 */,
				08F7B9A91CCF0C3600CF0BAD /* 武汉市交通运输局 */,
				08F7B9AB1CCF0D1500CF0BAD /* 武汉市交通运输局2 */,
				08F7B9AA1CCF0C8800CF0BAD /* 指南详情 */,
				08F7B9AC1CCF0EAA00CF0BAD /* 进度查询(结果公示)详情 */,
				F79662091CAA2B8C00C92174 /* EJProgressListAPIManger.h */,
				F796620A1CAA2B8C00C92174 /* EJProgressListAPIManger.m */,
				F79662031CAA29CA00C92174 /* EJResultsListAPIManager.h */,
				F79662041CAA29CA00C92174 /* EJResultsListAPIManager.m */,
				F7B9F7551CAE149A00A48158 /* EJResultDetailAPIManager.h */,
				F7B9F7561CAE149A00A48158 /* EJResultDetailAPIManager.m */,
				F7B9F7581CAE14B700A48158 /* EJProgressDetailAPIManager.h */,
				F7B9F7591CAE14B700A48158 /* EJProgressDetailAPIManager.m */,
				F731A4E71CA0E02B00A0A2A5 /* EJAreaListAPIManager.h */,
				F731A4E81CA0E02B00A0A2A5 /* EJAreaListAPIManager.m */,
				F7A67E6A1CA40B6C00A64DE1 /* EJSectionListAPIManager.h */,
				F7A67E6B1CA40B6C00A64DE1 /* EJSectionListAPIManager.m */,
				F7A67E6D1CA40CD800A64DE1 /* EJPrimaryItemAPIManger.h */,
				F7A67E6E1CA40CD800A64DE1 /* EJPrimaryItemAPIManger.m */,
				F7A67E701CA40CFE00A64DE1 /* EJItemAPIManager.h */,
				F7A67E711CA40CFE00A64DE1 /* EJItemAPIManager.m */,
				F7A67E731CA40D2B00A64DE1 /* EJItemInfoAPIManager.h */,
				F7A67E741CA40D2B00A64DE1 /* EJItemInfoAPIManager.m */,
			);
			name = EJGuild;
			sourceTree = "<group>";
		};
		F73ED97B1C979D73006AF2A0 /* EJSuggestion */ = {
			isa = PBXGroup;
			children = (
				83E782E91C95D91300A7AA1E /* Suggestion.storyboard */,
				83E782EB1C95DF8200A7AA1E /* EJSuggestionViewController.h */,
				83E782EC1C95DF8200A7AA1E /* EJSuggestionViewController.m */,
				83E782EE1C95DFAA00A7AA1E /* EJSuggestionViewModel.h */,
				83E782EF1C95DFAA00A7AA1E /* EJSuggestionViewModel.m */,
				83E782F11C95DFD700A7AA1E /* EJSuggestionAPIManager.h */,
				83E782F21C95DFD700A7AA1E /* EJSuggestionAPIManager.m */,
			);
			name = EJSuggestion;
			sourceTree = "<group>";
		};
		F77333A71C7D974E00E2FD20 /* FTools */ = {
			isa = PBXGroup;
			children = (
				F7C14FED1C85746100779833 /* FTools.h */,
				F77333AA1C7D974E00E2FD20 /* FTLog.h */,
				F77333AB1C7D974E00E2FD20 /* FTLog.m */,
				F7A86D301C891A79006D5F18 /* FTVerifier.h */,
				F7A86D311C891A79006D5F18 /* FTVerifier.m */,
				F77333A81C7D974E00E2FD20 /* FTIntercepter.h */,
				F77333A91C7D974E00E2FD20 /* FTIntercepter.m */,
				F746B90A1C8EDDBB00DBF40E /* FTDataAnalyzer.h */,
				F746B90B1C8EDDBB00DBF40E /* FTDataAnalyzer.m */,
				F734D2791C8D522B00A062F9 /* FTKeyboardTapGestureRecognizer.h */,
				F734D27A1C8D522B00A062F9 /* FTKeyboardTapGestureRecognizer.m */,
			);
			path = FTools;
			sourceTree = "<group>";
		};
		F77333AC1C7D974E00E2FD20 /* EJS */ = {
			isa = PBXGroup;
			children = (
				F7C14FE51C853BE700779833 /* EJS.h */,
				F7F8F9FA1C881A53008758BF /* EJSSet.h */,
				F7F8F9FB1C881A54008758BF /* EJSSet.m */,
				F7C14FE41C853BD500779833 /* EJSNetwork.h */,
				F7C14FE81C85404A00779833 /* EJSNetwork.m */,
				F75EA0321C86E11000878EF5 /* EJSAPIManager.h */,
				F75EA0331C86E11000878EF5 /* EJSAPIManager.m */,
				F7C14FEA1C85464200779833 /* EJSNetworkAPIName.h */,
				F746B9061C8EB7CF00DBF40E /* EJSResponseAnalyzer.h */,
				F746B9071C8EB7CF00DBF40E /* EJSResponseAnalyzer.m */,
			);
			path = EJS;
			sourceTree = "<group>";
		};
		F7A86D291C8917A3006D5F18 /* EJLogger */ = {
			isa = PBXGroup;
			children = (
				F7A86D491C8942FC006D5F18 /* View */,
				F7A86D481C8942E4006D5F18 /* ViewModel */,
				F7A86D4A1C894309006D5F18 /* APIManager */,
			);
			name = EJLogger;
			sourceTree = "<group>";
		};
		F7A86D481C8942E4006D5F18 /* ViewModel */ = {
			isa = PBXGroup;
			children = (
				F7A86D2C1C891997006D5F18 /* EJLoginViewModel.h */,
				F7A86D2D1C891997006D5F18 /* EJLoginViewModel.m */,
				F7A86D391C8941B2006D5F18 /* EJRegisterViewModel.h */,
				F7A86D3A1C8941B2006D5F18 /* EJRegisterViewModel.m */,
				F7A86D421C89427B006D5F18 /* EJChangePasswordViewModel.h */,
				F7A86D431C89427B006D5F18 /* EJChangePasswordViewModel.m */,
				F7A86D451C8942B4006D5F18 /* EJModifyUserinfoViewModel.h */,
				F7A86D461C8942B4006D5F18 /* EJModifyUserinfoViewModel.m */,
				F79662001CAA1BBF00C92174 /* EJPasswordRetrieveViewModel.h */,
				F79662011CAA1BBF00C92174 /* EJPasswordRetrieveViewModel.m */,
			);
			name = ViewModel;
			sourceTree = "<group>";
		};
		F7A86D491C8942FC006D5F18 /* View */ = {
			isa = PBXGroup;
			children = (
				F7A86D271C891731006D5F18 /* Logger.storyboard */,
				F7FE55191C91544C001C1F6B /* Userinfo.storyboard */,
				08F7B9B31CCF50B400CF0BAD /* 登陆 */,
				08F7B9B41CCF50BB00CF0BAD /* 注册 */,
				08F7B9B11CCF509E00CF0BAD /* 个人资料 */,
				08F7B9B21CCF50AB00CF0BAD /* 修改密码 */,
				08F7B9B51CCF50C400CF0BAD /* 用户协议认同 */,
				08F7B9B61CCF50EF00CF0BAD /* 忘记密码 */,
			);
			name = View;
			sourceTree = "<group>";
		};
		F7A86D4A1C894309006D5F18 /* APIManager */ = {
			isa = PBXGroup;
			children = (
				F7FE551E1C915E1C001C1F6B /* EJModifyUserinfoAPIManager.h */,
				F7FE551F1C915E1C001C1F6B /* EJModifyUserinfoAPIManager.m */,
				F7B9F7611CAE515900A48158 /* EJVeriftyPhoneNumberAPIManager.h */,
				F7B9F7621CAE515900A48158 /* EJVeriftyPhoneNumberAPIManager.m */,
				F7B9F7641CAE518E00A48158 /* EJPasswordRetrieveAPIManager.h */,
				F7B9F7651CAE518E00A48158 /* EJPasswordRetrieveAPIManager.m */,
				F7A86D331C891B2E006D5F18 /* EJLoginAPIManager.h */,
				F7A86D341C891B2E006D5F18 /* EJLoginAPIManager.m */,
				F7A5B8E41C895CBC00672967 /* EJRegisterAPIManager.h */,
				F7A5B8E51C895CBC00672967 /* EJRegisterAPIManager.m */,
				F7A86D361C891C1F006D5F18 /* EJValidateUsernameAPIManager.h */,
				F7A86D371C891C1F006D5F18 /* EJValidateUsernameAPIManager.m */,
				F7FE55241C918363001C1F6B /* EJVerityPasswordAPIManager.h */,
				F7FE55251C918363001C1F6B /* EJVerityPasswordAPIManager.m */,
				F7FE55211C9181FA001C1F6B /* EJChangePasswordAPIManager.h */,
				F7FE55221C9181FA001C1F6B /* EJChangePasswordAPIManager.m */,
			);
			name = APIManager;
			sourceTree = "<group>";
		};
		F7B306A91CBDED9700EFB0F5 /* EJFollow */ = {
			isa = PBXGroup;
			children = (
				F7C7A8341CC9C57F006CA633 /* Follow.storyboard */,
				F7B306A61CBDED8F00EFB0F5 /* EJFollowViewController.h */,
				F7B306A71CBDED8F00EFB0F5 /* EJFollowViewController.m */,
				F7B306AA1CBDEDFF00EFB0F5 /* EJFollowViewModel.h */,
				F7B306AB1CBDEDFF00EFB0F5 /* EJFollowViewModel.m */,
				F7B306AD1CBDEE1800EFB0F5 /* EJFollowListAPIManager.h */,
				F7B306AE1CBDEE1800EFB0F5 /* EJFollowListAPIManager.m */,
				F7B6155B1CCA14280009637F /* EJFollowAPIManager.h */,
				F7B6155C1CCA14280009637F /* EJFollowAPIManager.m */,
			);
			name = EJFollow;
			sourceTree = "<group>";
		};
		F7C1596C1C8580A900779833 /* FTFoundation */ = {
			isa = PBXGroup;
			children = (
				F7AB19091C86CCB400723EC2 /* FTFoundation.h */,
				F7AB19061C86CC2A00723EC2 /* UIViewController+FTBinding.h */,
				F7AB19071C86CC2A00723EC2 /* UIViewController+FTBinding.m */,
				F7C14FCF1C853A9B00779833 /* FTAPIManager.h */,
				F7C14FD01C853A9B00779833 /* FTAPIManager.m */,
				F7C14FDA1C853A9B00779833 /* FTViewModel.h */,
				F7C14FDB1C853A9B00779833 /* FTViewModel.m */,
			);
			path = FTFoundation;
			sourceTree = "<group>";
		};
		F7DFF9051C7D595500A24DB5 = {
			isa = PBXGroup;
			children = (
				F7DFF92D1C7D74EF00A24DB5 /* HBJT */,
				F7C14FC71C84224600779833 /* EJFramework.h */,
				F7DFF9301C7D74EF00A24DB5 /* Assets.xcassets */,
				F7DFF9311C7D74EF00A24DB5 /* LaunchScreen.storyboard */,
				F7DFF9331C7D74EF00A24DB5 /* Main.storyboard */,
				F7DFF9351C7D74EF00A24DB5 /* Info.plist */,
				F7DFF9361C7D74EF00A24DB5 /* main.m */,
				F7DFF90F1C7D595500A24DB5 /* Products */,
				B1B7CC557BD1024F8DF54DD8 /* Pods */,
				6B9BA4E7EC2B89025271D28D /* Frameworks */,
			);
			sourceTree = "<group>";
		};
		F7DFF90F1C7D595500A24DB5 /* Products */ = {
			isa = PBXGroup;
			children = (
				F7DFF90E1C7D595500A24DB5 /* HBJT.app */,
			);
			name = Products;
			sourceTree = "<group>";
		};
		F7DFF92D1C7D74EF00A24DB5 /* HBJT */ = {
			isa = PBXGroup;
			children = (
				F7A2BBFE1CBB820A00235F1A /* ParentViewController.h */,
				F7A2BBFD1CBB820A00235F1A /* ParentViewController.m */,
				F7DFF92E1C7D74EF00A24DB5 /* AppDelegate.h */,
				F7DFF92F1C7D74EF00A24DB5 /* AppDelegate.m */,
				F7B964251CC47F1900BE4C1E /* RootNavgationController.h */,
				F7B964261CC47F1900BE4C1E /* RootNavgationController.m */,
				F77333AC1C7D974E00E2FD20 /* EJS */,
				F73ED97B1C979D73006AF2A0 /* EJSuggestion */,
				F7FE552D1C919B6E001C1F6B /* EJMatter */,
				F716BC661C86880100516DF4 /* EJIndex */,
				F7F284A61C87EB6400027DF6 /* EJMenu */,
				F7B306A91CBDED9700EFB0F5 /* EJFollow */,
				F731A4DD1CA0DBBB00A0A2A5 /* EJGuild */,
				F7A86D291C8917A3006D5F18 /* EJLogger */,
				F7F284A71C87EB6E00027DF6 /* EJNews */,
				F73ED97C1C979E74006AF2A0 /* FTViewModel+EJSAPIManager.h */,
				F73ED97D1C979E74006AF2A0 /* FTViewModel+EJSAPIManager.m */,
				F7E1B40A1C99460700536C6C /* UIScrollView+HATFCarousel.h */,
				F7E1B40B1C99460700536C6C /* UIScrollView+HATFCarousel.m */,
				08F7B9AD1CCF0F0B00CF0BAD /* Vendors */,
				F7C1596C1C8580A900779833 /* FTFoundation */,
				F77333A71C7D974E00E2FD20 /* FTools */,
			);
			path = HBJT;
			sourceTree = "<group>";
		};
		F7F284A61C87EB6400027DF6 /* EJMenu */ = {
			isa = PBXGroup;
			children = (
				F7C14FC91C8434E200779833 /* Menu.storyboard */,
				F7C1596D1C8589F000779833 /* EJMenuTableViewController.h */,
				F7C1596E1C8589F000779833 /* EJMenuTableViewController.m */,
				F7AC66BB1C8FB75E00BC8456 /* EJMenuViewModel.h */,
				F7AC66BC1C8FB75E00BC8456 /* EJMenuViewModel.m */,
			);
			name = EJMenu;
			sourceTree = "<group>";
		};
		F7F284A71C87EB6E00027DF6 /* EJNews */ = {
			isa = PBXGroup;
			children = (
				F7AF7BB81CA8C68D001814E5 /* EJNewsDetailViewController.h */,
				F7AF7BB91CA8C68D001814E5 /* EJNewsDetailViewController.m */,
				F7AF7BC41CA9040D001814E5 /* EJNewsDetailViewModel.h */,
				F7AF7BC51CA9040D001814E5 /* EJNewsDetailViewModel.m */,
				F7AB18FE1C8698F100723EC2 /* EJNewsViewController.h */,
				F7AB18FF1C8698F100723EC2 /* EJNewsViewController.m */,
				F7C4C9751C9647F200C36129 /* EJNewsViewModel.h */,
				F7C4C9761C9647F200C36129 /* EJNewsViewModel.m */,
				F7C4C97B1C964F0700C36129 /* EJWebsiteArticleListAPIManager.h */,
				F7C4C97C1C964F0700C36129 /* EJWebsiteArticleListAPIManager.m */,
				F7C4C97E1C964F3B00C36129 /* EJWebsiteLaudNumberAPIManager.h */,
				F7C4C97F1C964F3B00C36129 /* EJWebsiteLaudNumberAPIManager.m */,
				F7AF7BC71CA90535001814E5 /* EJWebsiteArticleDetailAPIManager.h */,
				F7AF7BC81CA90535001814E5 /* EJWebsiteArticleDetailAPIManager.m */,
				F7AF7BCA1CA90558001814E5 /* EJWebsiteArticleLaudAPIManager.h */,
				F7AF7BCB1CA90558001814E5 /* EJWebsiteArticleLaudAPIManager.m */,
				F73ED98F1C97F7CC006AF2A0 /* News.storyboard */,
				F73ED9891C97B813006AF2A0 /* EJNewsPictureTableViewCell.h */,
				F73ED98A1C97B813006AF2A0 /* EJNewsPictureTableViewCell.m */,
				F73ED98C1C97B82F006AF2A0 /* EJNewsTableViewCell.h */,
				F73ED98D1C97B82F006AF2A0 /* EJNewsTableViewCell.m */,
			);
			name = EJNews;
			sourceTree = "<group>";
		};
		F7FE552D1C919B6E001C1F6B /* EJMatter */ = {
			isa = PBXGroup;
			children = (
				F7FE55441C91A480001C1F6B /* Matter.storyboard */,
				F7AEC05C1C926CF6003DD341 /* EJMatterIndexTableViewController.h */,
				F7AEC05D1C926CF6003DD341 /* EJMatterIndexTableViewController.m */,
				F7FE55271C919B24001C1F6B /* EJMatterViewController.h */,
				F7FE55281C919B24001C1F6B /* EJMatterViewController.m */,
				F7FE552A1C919B57001C1F6B /* EJMatterViewModel.h */,
				F7FE552B1C919B57001C1F6B /* EJMatterViewModel.m */,
				F7FE552E1C919B82001C1F6B /* APIManager */,
			);
			name = EJMatter;
			sourceTree = "<group>";
		};
		F7FE552E1C919B82001C1F6B /* APIManager */ = {
			isa = PBXGroup;
			children = (
				834999AE1C95639F002086C2 /* EJQueryAPIManager.h */,
				834999AC1C955E21002086C2 /* EJQueryAPIManager.m */,
			);
			name = APIManager;
			sourceTree = "<group>";
		};
/* End PBXGroup section */

/* Begin PBXNativeTarget section */
		F7DFF90D1C7D595500A24DB5 /* hbjt */ = {
			isa = PBXNativeTarget;
			buildConfigurationList = F7DFF9251C7D595600A24DB5 /* Build configuration list for PBXNativeTarget "hbjt" */;
			buildPhases = (
				CCE98F7B85699A3F8FAFA9D5 /* Check Pods Manifest.lock */,
				F7DFF90A1C7D595500A24DB5 /* Sources */,
				F7DFF90B1C7D595500A24DB5 /* Frameworks */,
				F7DFF90C1C7D595500A24DB5 /* Resources */,
				996E26FD4FCC70481B768D34 /* Embed Pods Frameworks */,
				94B26B06815CC2059AF01EFE /* Copy Pods Resources */,
				F7A2BC001CBB848D00235F1A /* Run Script */,
			);
			buildRules = (
			);
			dependencies = (
			);
			name = hbjt;
			productName = hbjt;
			productReference = F7DFF90E1C7D595500A24DB5 /* HBJT.app */;
			productType = "com.apple.product-type.application";
		};
/* End PBXNativeTarget section */

/* Begin PBXProject section */
		F7DFF9061C7D595500A24DB5 /* Project object */ = {
			isa = PBXProject;
			attributes = {
				LastUpgradeCheck = 0730;
				ORGANIZATIONNAME = fangqiuming;
				TargetAttributes = {
					F7DFF90D1C7D595500A24DB5 = {
						CreatedOnToolsVersion = 7.2.1;
						DevelopmentTeam = ZJ8K5DQ623;
						SystemCapabilities = {
							com.apple.BackgroundModes = {
								enabled = 0;
							};
							com.apple.DataProtection = {
								enabled = 0;
							};
							com.apple.Maps.iOS = {
								enabled = 0;
							};
						};
					};
				};
			};
			buildConfigurationList = F7DFF9091C7D595500A24DB5 /* Build configuration list for PBXProject "HBJT" */;
			compatibilityVersion = "Xcode 6.3";
			developmentRegion = English;
			hasScannedForEncodings = 0;
			knownRegions = (
				Base,
			);
			mainGroup = F7DFF9051C7D595500A24DB5;
			productRefGroup = F7DFF90F1C7D595500A24DB5 /* Products */;
			projectDirPath = "";
			projectRoot = "";
			targets = (
				F7DFF90D1C7D595500A24DB5 /* hbjt */,
			);
		};
/* End PBXProject section */

/* Begin PBXResourcesBuildPhase section */
		F7DFF90C1C7D595500A24DB5 /* Resources */ = {
			isa = PBXResourcesBuildPhase;
			buildActionMask = 2147483647;
			files = (
				F731A4DC1CA0DB9100A0A2A5 /* Guild.storyboard in Resources */,
				F7DFF93E1C7D74EF00A24DB5 /* Assets.xcassets in Resources */,
				F7DFF9401C7D74EF00A24DB5 /* Main.storyboard in Resources */,
				83E782EA1C95D91300A7AA1E /* Suggestion.storyboard in Resources */,
				F7C14FCA1C8434E200779833 /* Index.storyboard in Resources */,
				F7C14FCB1C8434E200779833 /* Menu.storyboard in Resources */,
				F7A67E671CA3DE5D00A64DE1 /* GuildDistrictButton.xib in Resources */,
				F7A67E691CA4051C00A64DE1 /* GuildSectionButton.xib in Resources */,
				F7DFF93F1C7D74EF00A24DB5 /* LaunchScreen.storyboard in Resources */,
				F73ED9901C97F7CC006AF2A0 /* News.storyboard in Resources */,
				F7FE55451C91A480001C1F6B /* Matter.storyboard in Resources */,
				F7C7A8351CC9C57F006CA633 /* Follow.storyboard in Resources */,
				F7FE551A1C91544C001C1F6B /* Userinfo.storyboard in Resources */,
				F7A86D281C891731006D5F18 /* Logger.storyboard in Resources */,
			);
			runOnlyForDeploymentPostprocessing = 0;
		};
/* End PBXResourcesBuildPhase section */

/* Begin PBXShellScriptBuildPhase section */
		94B26B06815CC2059AF01EFE /* Copy Pods Resources */ = {
			isa = PBXShellScriptBuildPhase;
			buildActionMask = 2147483647;
			files = (
			);
			inputPaths = (
			);
			name = "Copy Pods Resources";
			outputPaths = (
			);
			runOnlyForDeploymentPostprocessing = 0;
			shellPath = /bin/sh;
			shellScript = "\"${SRCROOT}/Pods/Target Support Files/Pods/Pods-resources.sh\"\n";
			showEnvVarsInLog = 0;
		};
		996E26FD4FCC70481B768D34 /* Embed Pods Frameworks */ = {
			isa = PBXShellScriptBuildPhase;
			buildActionMask = 2147483647;
			files = (
			);
			inputPaths = (
			);
			name = "Embed Pods Frameworks";
			outputPaths = (
			);
			runOnlyForDeploymentPostprocessing = 0;
			shellPath = /bin/sh;
			shellScript = "\"${SRCROOT}/Pods/Target Support Files/Pods/Pods-frameworks.sh\"\n";
			showEnvVarsInLog = 0;
		};
		CCE98F7B85699A3F8FAFA9D5 /* Check Pods Manifest.lock */ = {
			isa = PBXShellScriptBuildPhase;
			buildActionMask = 2147483647;
			files = (
			);
			inputPaths = (
			);
			name = "Check Pods Manifest.lock";
			outputPaths = (
			);
			runOnlyForDeploymentPostprocessing = 0;
			shellPath = /bin/sh;
			shellScript = "diff \"${PODS_ROOT}/../Podfile.lock\" \"${PODS_ROOT}/Manifest.lock\" > /dev/null\nif [[ $? != 0 ]] ; then\n    cat << EOM\nerror: The sandbox is not in sync with the Podfile.lock. Run 'pod install' or update your CocoaPods installation.\nEOM\n    exit 1\nfi\n";
			showEnvVarsInLog = 0;
		};
		F7A2BC001CBB848D00235F1A /* Run Script */ = {
			isa = PBXShellScriptBuildPhase;
			buildActionMask = 2147483647;
			files = (
			);
			inputPaths = (
			);
			name = "Run Script";
			outputPaths = (
			);
			runOnlyForDeploymentPostprocessing = 0;
			shellPath = /bin/sh;
			shellScript = "#!/bin/bash\nif [ \"${CONFIGURATION}\" = \"Release\" ]; then\nbundleVersion=$(/usr/libexec/PlistBuddy -c \"Print CFBundleVersion\" \"$INFOPLIST_FILE\")\ndate=$(date +%s)\ndate=$(expr $date - 1460000000)\ndate=$(echo $date|awk '{printf(\"%010d\\n\",$0)}')\ndate=${date:3:3}\nbuildNumber=${bundleVersion:4}\nbuildNumber=$(expr $buildNumber + 1)\nbuildNumber=$(echo $buildNumber|awk '{printf(\"%03d\\n\",$0)}')\nbuildVersion=${date}\"$buildNumber\"\n/usr/libexec/PlistBuddy -c \"Set :CFBundleVersion $buildVersion\" \"$INFOPLIST_FILE\"\n/usr/libexec/PlistBuddy -c \"Set :CFBundleVersion $buildVersion\" \"${TARGET_BUILD_DIR}/${INFOPLIST_PATH}\"\nfi";
		};
/* End PBXShellScriptBuildPhase section */

/* Begin PBXSourcesBuildPhase section */
		F7DFF90A1C7D595500A24DB5 /* Sources */ = {
			isa = PBXSourcesBuildPhase;
			buildActionMask = 2147483647;
			files = (
				F7AF7BC61CA9040D001814E5 /* EJNewsDetailViewModel.m in Sources */,
				F7B964271CC47F1900BE4C1E /* RootNavgationController.m in Sources */,
				F79084EC1CA5382900E48E2C /* EJGuildItemViewModel.m in Sources */,
				F7A2BBFF1CBB820A00235F1A /* ParentViewController.m in Sources */,
				F7A67E6C1CA40B6C00A64DE1 /* EJSectionListAPIManager.m in Sources */,
				F7C159721C858B4200779833 /* EJIndexViewController.m in Sources */,
				F7AB54831CAD04A700114DD1 /* EJWebViewController.m in Sources */,
				F746B90C1C8EDDBB00DBF40E /* FTDataAnalyzer.m in Sources */,
				F77333AE1C7D974E00E2FD20 /* FTLog.m in Sources */,
				F7C4C9801C964F3B00C36129 /* EJWebsiteLaudNumberAPIManager.m in Sources */,
				F734D27B1C8D522B00A062F9 /* FTKeyboardTapGestureRecognizer.m in Sources */,
				F79661FF1CAA1B8F00C92174 /* EJPasswordRetrieveViewController.m in Sources */,
				F7B615631CCA32170009637F /* CommonTool.m in Sources */,
				F7A5B8E61C895CBC00672967 /* EJRegisterAPIManager.m in Sources */,
				F7C14FE91C85404A00779833 /* EJSNetwork.m in Sources */,
				F7A67E751CA40D2B00A64DE1 /* EJItemInfoAPIManager.m in Sources */,
				F7C4C97D1C964F0700C36129 /* EJWebsiteArticleListAPIManager.m in Sources */,
				F79084E91CA534F500E48E2C /* EJGuildItemTableViewController.m in Sources */,
				F77333AD1C7D974E00E2FD20 /* FTIntercepter.m in Sources */,
				834999AD1C955E21002086C2 /* EJQueryAPIManager.m in Sources */,
				F7AF7BC91CA90535001814E5 /* EJWebsiteArticleDetailAPIManager.m in Sources */,
				F7DFF9421C7D74EF00A24DB5 /* main.m in Sources */,
				F7B36BDD1CD0B97B00640934 /* VerifyTool.m in Sources */,
				F7B9F7631CAE515900A48158 /* EJVeriftyPhoneNumberAPIManager.m in Sources */,
				F7B9F7601CAE1A4E00A48158 /* EJResultDetailViewModel.m in Sources */,
				F746B9081C8EB7CF00DBF40E /* EJSResponseAnalyzer.m in Sources */,
				F7F8F9FC1C881A54008758BF /* EJSSet.m in Sources */,
				F73ED97E1C979E74006AF2A0 /* FTViewModel+EJSAPIManager.m in Sources */,
				F7C14FE21C853A9B00779833 /* FTViewModel.m in Sources */,
				F7A86D381C891C1F006D5F18 /* EJValidateUsernameAPIManager.m in Sources */,
				F746EE9E1CCE1C29008172FA /* FFGuildCell.m in Sources */,
				F7A86D3B1C8941B2006D5F18 /* EJRegisterViewModel.m in Sources */,
				83E782F31C95DFD700A7AA1E /* EJSuggestionAPIManager.m in Sources */,
				F7AF7BBA1CA8C68D001814E5 /* EJNewsDetailViewController.m in Sources */,
				F7FE55201C915E1C001C1F6B /* EJModifyUserinfoAPIManager.m in Sources */,
				F7A67E721CA40CFE00A64DE1 /* EJItemAPIManager.m in Sources */,
				F7C14FDC1C853A9B00779833 /* FTAPIManager.m in Sources */,
				F7B9F7571CAE149A00A48158 /* EJResultDetailAPIManager.m in Sources */,
				F746EE9D1CCE1C29008172FA /* FFDoSomethingGuildVC.m in Sources */,
				F7B9F7661CAE518E00A48158 /* EJPasswordRetrieveAPIManager.m in Sources */,
				F7A86D2E1C891997006D5F18 /* EJLoginTableViewController.m in Sources */,
				F7FE551D1C9154E5001C1F6B /* EJModifyUserinfoViewController.m in Sources */,
				F7DFF93D1C7D74EF00A24DB5 /* AppDelegate.m in Sources */,
				F7FE55431C919FA7001C1F6B /* EJChangePasswordViewController.m in Sources */,
				F7B306A81CBDED8F00EFB0F5 /* EJFollowViewController.m in Sources */,
				F7AC66C01C8FFDA200BC8456 /* EJUserAgreementViewController.m in Sources */,
				F7AB19001C8698F100723EC2 /* EJNewsViewController.m in Sources */,
				F7AF7BCC1CA90558001814E5 /* EJWebsiteArticleLaudAPIManager.m in Sources */,
				F746EE9C1CCE1C29008172FA /* FFProgressDetailVC.m in Sources */,
				F7A5B8E91C8969F600672967 /* EJRegisterViewController.m in Sources */,
				F731A4E91CA0E02B00A0A2A5 /* EJAreaListAPIManager.m in Sources */,
				F7B9F75A1CAE14B700A48158 /* EJProgressDetailAPIManager.m in Sources */,
				F7A86D471C8942B4006D5F18 /* EJModifyUserinfoViewModel.m in Sources */,
				F79084E31CA50ECC00E48E2C /* EJGuildPrimaryItemViewModel.m in Sources */,
				F7FE55261C918363001C1F6B /* EJVerityPasswordAPIManager.m in Sources */,
				F7B615601CCA319E0009637F /* UIViewController+BarItem.m in Sources */,
				F7FE55291C919B24001C1F6B /* EJMatterViewController.m in Sources */,
				F79084E01CA50DF600E48E2C /* EJGuildPrimaryItemTableViewController.m in Sources */,
				F7AB19081C86CC2A00723EC2 /* UIViewController+FTBinding.m in Sources */,
				F7AF7BC31CA8DA53001814E5 /* EJGuildItemDetailViewModel.m in Sources */,
				F7C1596F1C8589F000779833 /* EJMenuTableViewController.m in Sources */,
				83E782ED1C95DF8200A7AA1E /* EJSuggestionViewController.m in Sources */,
				F7B6155D1CCA14280009637F /* EJFollowAPIManager.m in Sources */,
				F731A4E01CA0DBFF00A0A2A5 /* EJGuildViewController.m in Sources */,
				F73ED98B1C97B813006AF2A0 /* EJNewsPictureTableViewCell.m in Sources */,
				F7A86D351C891B2E006D5F18 /* EJLoginAPIManager.m in Sources */,
				F7FE55231C9181FA001C1F6B /* EJChangePasswordAPIManager.m in Sources */,
				F7C4C9771C9647F200C36129 /* EJNewsViewModel.m in Sources */,
				F7B306AC1CBDEDFF00EFB0F5 /* EJFollowViewModel.m in Sources */,
				F7AEC05E1C926CF6003DD341 /* EJMatterIndexTableViewController.m in Sources */,
				F731A4E61CA0DCFD00A0A2A5 /* EJGuildViewModel.m in Sources */,
				F716BC651C86872500516DF4 /* EJIndexViewModel.m in Sources */,
				F7FE552C1C919B57001C1F6B /* EJMatterViewModel.m in Sources */,
				F7A86D441C89427B006D5F18 /* EJChangePasswordViewModel.m in Sources */,
				F7A86D2F1C891997006D5F18 /* EJLoginViewModel.m in Sources */,
				F7A86D321C891A79006D5F18 /* FTVerifier.m in Sources */,
				F7B306AF1CBDEE1800EFB0F5 /* EJFollowListAPIManager.m in Sources */,
				F79662051CAA29CA00C92174 /* EJResultsListAPIManager.m in Sources */,
				F75EA0341C86E11000878EF5 /* EJSAPIManager.m in Sources */,
				F7A67E6F1CA40CD800A64DE1 /* EJPrimaryItemAPIManger.m in Sources */,
				F73ED98E1C97B82F006AF2A0 /* EJNewsTableViewCell.m in Sources */,
				83E782F01C95DFAA00A7AA1E /* EJSuggestionViewModel.m in Sources */,
				F7E1B40C1C99460700536C6C /* UIScrollView+HATFCarousel.m in Sources */,
				F79662021CAA1BBF00C92174 /* EJPasswordRetrieveViewModel.m in Sources */,
				F7AC66BD1C8FB75E00BC8456 /* EJMenuViewModel.m in Sources */,
				F7EA97661CC8B54D00A2E77E /* EJGuildResultTableViewCell.m in Sources */,
				F79084E61CA5257000E48E2C /* EJGuildItemTableViewCell.m in Sources */,
				F796620B1CAA2B8C00C92174 /* EJProgressListAPIManger.m in Sources */,
			);
			runOnlyForDeploymentPostprocessing = 0;
		};
/* End PBXSourcesBuildPhase section */

/* Begin PBXVariantGroup section */
		F7DFF9311C7D74EF00A24DB5 /* LaunchScreen.storyboard */ = {
			isa = PBXVariantGroup;
			children = (
				F7DFF9321C7D74EF00A24DB5 /* Base */,
			);
			name = LaunchScreen.storyboard;
			path = HBJT;
			sourceTree = "<group>";
		};
		F7DFF9331C7D74EF00A24DB5 /* Main.storyboard */ = {
			isa = PBXVariantGroup;
			children = (
				F7DFF9341C7D74EF00A24DB5 /* Base */,
			);
			name = Main.storyboard;
			path = HBJT;
			sourceTree = "<group>";
		};
/* End PBXVariantGroup section */

/* Begin XCBuildConfiguration section */
		F7DFF9231C7D595600A24DB5 /* Debug */ = {
			isa = XCBuildConfiguration;
			buildSettings = {
				ALWAYS_SEARCH_USER_PATHS = NO;
				CLANG_CXX_LANGUAGE_STANDARD = "gnu++0x";
				CLANG_CXX_LIBRARY = "libc++";
				CLANG_ENABLE_MODULES = YES;
				CLANG_ENABLE_OBJC_ARC = YES;
				CLANG_WARN_BOOL_CONVERSION = YES;
				CLANG_WARN_CONSTANT_CONVERSION = YES;
				CLANG_WARN_DIRECT_OBJC_ISA_USAGE = YES_ERROR;
				CLANG_WARN_EMPTY_BODY = YES;
				CLANG_WARN_ENUM_CONVERSION = YES;
				CLANG_WARN_INT_CONVERSION = YES;
				CLANG_WARN_OBJC_ROOT_CLASS = YES_ERROR;
				CLANG_WARN_UNREACHABLE_CODE = YES;
				CLANG_WARN__DUPLICATE_METHOD_MATCH = YES;
				"CODE_SIGN_IDENTITY[sdk=iphoneos*]" = "iPhone Developer";
				COPY_PHASE_STRIP = NO;
				DEBUG_INFORMATION_FORMAT = dwarf;
				ENABLE_STRICT_OBJC_MSGSEND = YES;
				ENABLE_TESTABILITY = YES;
				GCC_C_LANGUAGE_STANDARD = gnu99;
				GCC_DYNAMIC_NO_PIC = NO;
				GCC_NO_COMMON_BLOCKS = YES;
				GCC_OPTIMIZATION_LEVEL = 0;
				GCC_PREPROCESSOR_DEFINITIONS = (
					"DEBUG=1",
					"$(inherited)",
				);
				GCC_WARN_64_TO_32_BIT_CONVERSION = YES;
				GCC_WARN_ABOUT_RETURN_TYPE = YES_ERROR;
				GCC_WARN_UNDECLARED_SELECTOR = YES;
				GCC_WARN_UNINITIALIZED_AUTOS = YES_AGGRESSIVE;
				GCC_WARN_UNUSED_FUNCTION = YES;
				GCC_WARN_UNUSED_VARIABLE = YES;
				IPHONEOS_DEPLOYMENT_TARGET = 7.0;
				MTL_ENABLE_DEBUG_INFO = YES;
				ONLY_ACTIVE_ARCH = YES;
				SDKROOT = iphoneos;
			};
			name = Debug;
		};
		F7DFF9241C7D595600A24DB5 /* Release */ = {
			isa = XCBuildConfiguration;
			buildSettings = {
				ALWAYS_SEARCH_USER_PATHS = NO;
				CLANG_CXX_LANGUAGE_STANDARD = "gnu++0x";
				CLANG_CXX_LIBRARY = "libc++";
				CLANG_ENABLE_MODULES = YES;
				CLANG_ENABLE_OBJC_ARC = YES;
				CLANG_WARN_BOOL_CONVERSION = YES;
				CLANG_WARN_CONSTANT_CONVERSION = YES;
				CLANG_WARN_DIRECT_OBJC_ISA_USAGE = YES_ERROR;
				CLANG_WARN_EMPTY_BODY = YES;
				CLANG_WARN_ENUM_CONVERSION = YES;
				CLANG_WARN_INT_CONVERSION = YES;
				CLANG_WARN_OBJC_ROOT_CLASS = YES_ERROR;
				CLANG_WARN_UNREACHABLE_CODE = YES;
				CLANG_WARN__DUPLICATE_METHOD_MATCH = YES;
				"CODE_SIGN_IDENTITY[sdk=iphoneos*]" = "iPhone Developer";
				COPY_PHASE_STRIP = NO;
				DEBUG_INFORMATION_FORMAT = "dwarf-with-dsym";
				ENABLE_NS_ASSERTIONS = NO;
				ENABLE_STRICT_OBJC_MSGSEND = YES;
				GCC_C_LANGUAGE_STANDARD = gnu99;
				GCC_NO_COMMON_BLOCKS = YES;
				GCC_WARN_64_TO_32_BIT_CONVERSION = YES;
				GCC_WARN_ABOUT_RETURN_TYPE = YES_ERROR;
				GCC_WARN_UNDECLARED_SELECTOR = YES;
				GCC_WARN_UNINITIALIZED_AUTOS = YES_AGGRESSIVE;
				GCC_WARN_UNUSED_FUNCTION = YES;
				GCC_WARN_UNUSED_VARIABLE = YES;
				IPHONEOS_DEPLOYMENT_TARGET = 7.0;
				MTL_ENABLE_DEBUG_INFO = NO;
				SDKROOT = iphoneos;
				VALIDATE_PRODUCT = YES;
			};
			name = Release;
		};
		F7DFF9261C7D595600A24DB5 /* Debug */ = {
			isa = XCBuildConfiguration;
			baseConfigurationReference = B4E1DC973ECEE0364534613E /* Pods.debug.xcconfig */;
			buildSettings = {
				ASSETCATALOG_COMPILER_APPICON_NAME = AppIcon;
				ASSETCATALOG_COMPILER_LAUNCHIMAGE_NAME = LaunchImage;
				CODE_SIGN_IDENTITY = "iPhone Developer";
				"CODE_SIGN_IDENTITY[sdk=iphoneos*]" = "iPhone Developer";
				INFOPLIST_FILE = HBJT/Info.plist;
				IPHONEOS_DEPLOYMENT_TARGET = 7.0;
				LD_RUNPATH_SEARCH_PATHS = "$(inherited) @executable_path/Frameworks";
				OTHER_LDFLAGS = (
					"-ObjC",
					"-l\"AFNetworking\"",
					"-l\"Aspects\"",
					"-l\"CocoaSecurity\"",
					"-l\"IQKeyboardManager\"",
					"-l\"MBProgressHUD\"",
					"-l\"MMDrawerController\"",
					"-l\"Masonry\"",
					"-l\"ReactiveCocoa\"",
					"-framework",
					"\"CoreGraphics\"",
					"-framework",
					"\"Foundation\"",
					"-framework",
					"\"MobileCoreServices\"",
					"-framework",
					"\"QuartzCore\"",
					"-framework",
					"\"Security\"",
					"-framework",
					"\"SystemConfiguration\"",
					"-framework",
					"\"UIKit\"",
					"$(inherited)",
				);
				PRODUCT_BUNDLE_IDENTIFIER = com.whhuiyu.hbjt;
				PRODUCT_NAME = HBJT;
				PROVISIONING_PROFILE = "";
				USER_HEADER_SEARCH_PATHS = "${SRCROOT}/**";
			};
			name = Debug;
		};
		F7DFF9271C7D595600A24DB5 /* Release */ = {
			isa = XCBuildConfiguration;
			baseConfigurationReference = 5E077DB84359F2F7E567C7E7 /* Pods.release.xcconfig */;
			buildSettings = {
				ASSETCATALOG_COMPILER_APPICON_NAME = AppIcon;
				ASSETCATALOG_COMPILER_LAUNCHIMAGE_NAME = LaunchImage;
				CODE_SIGN_IDENTITY = "iPhone Developer";
				"CODE_SIGN_IDENTITY[sdk=iphoneos*]" = "iPhone Developer";
				INFOPLIST_FILE = HBJT/Info.plist;
				IPHONEOS_DEPLOYMENT_TARGET = 7.0;
				LD_RUNPATH_SEARCH_PATHS = "$(inherited) @executable_path/Frameworks";
				OTHER_LDFLAGS = (
					"-ObjC",
					"$(inherited)",
					"-l\"AFNetworking\"",
					"-l\"Aspects\"",
					"-l\"CocoaSecurity\"",
					"-l\"IQKeyboardManager\"",
					"-l\"MBProgressHUD\"",
					"-l\"MMDrawerController\"",
					"-l\"Masonry\"",
					"-l\"ReactiveCocoa\"",
					"-framework",
					"\"CoreGraphics\"",
					"-framework",
					"\"Foundation\"",
					"-framework",
					"\"MobileCoreServices\"",
					"-framework",
					"\"QuartzCore\"",
					"-framework",
					"\"Security\"",
					"-framework",
					"\"SystemConfiguration\"",
					"-framework",
					"\"UIKit\"",
				);
				PRODUCT_BUNDLE_IDENTIFIER = com.whhuiyu.hbjt;
				PRODUCT_NAME = HBJT;
				PROVISIONING_PROFILE = "";
				USER_HEADER_SEARCH_PATHS = "${SRCROOT}/**";
			};
			name = Release;
		};
/* End XCBuildConfiguration section */

/* Begin XCConfigurationList section */
		F7DFF9091C7D595500A24DB5 /* Build configuration list for PBXProject "HBJT" */ = {
			isa = XCConfigurationList;
			buildConfigurations = (
				F7DFF9231C7D595600A24DB5 /* Debug */,
				F7DFF9241C7D595600A24DB5 /* Release */,
			);
			defaultConfigurationIsVisible = 0;
			defaultConfigurationName = Release;
		};
		F7DFF9251C7D595600A24DB5 /* Build configuration list for PBXNativeTarget "hbjt" */ = {
			isa = XCConfigurationList;
			buildConfigurations = (
				F7DFF9261C7D595600A24DB5 /* Debug */,
				F7DFF9271C7D595600A24DB5 /* Release */,
			);
			defaultConfigurationIsVisible = 0;
			defaultConfigurationName = Release;
		};
/* End XCConfigurationList section */
	};
	rootObject = F7DFF9061C7D595500A24DB5 /* Project object */;
}
